{
    "version": 3,
    "terraform_version": "0.11.3",
    "serial": 8,
    "lineage": "1cdbd143-7153-4c04-a88b-1e47a43685ff",
    "modules": [
        {
            "path": [
                "root"
            ],
            "outputs": {},
            "resources": {
                "aws_internet_gateway.staging_igw": {
                    "type": "aws_internet_gateway",
                    "depends_on": [
                        "aws_vpc.staging_vpc"
                    ],
                    "primary": {
                        "id": "igw-e021ae84",
                        "attributes": {
                            "id": "igw-e021ae84",
                            "tags.%": "1",
                            "tags.Name": "staging_igw",
                            "vpc_id": "vpc-60ca7607"
                        },
                        "meta": {},
                        "tainted": false
                    },
                    "deposed": [],
                    "provider": "provider.aws"
                },
                "aws_route.staging_internet_rt": {
                    "type": "aws_route",
                    "depends_on": [
                        "aws_internet_gateway.staging_igw",
                        "aws_vpc.staging_vpc"
                    ],
                    "primary": {
                        "id": "r-rtb-ec64598b1080289494",
                        "attributes": {
                            "destination_cidr_block": "0.0.0.0/0",
                            "destination_prefix_list_id": "",
                            "egress_only_gateway_id": "",
                            "gateway_id": "igw-e021ae84",
                            "id": "r-rtb-ec64598b1080289494",
                            "instance_id": "",
                            "instance_owner_id": "",
                            "nat_gateway_id": "",
                            "network_interface_id": "",
                            "origin": "CreateRoute",
                            "route_table_id": "rtb-ec64598b",
                            "state": "active",
                            "vpc_peering_connection_id": ""
                        },
                        "meta": {},
                        "tainted": false
                    },
                    "deposed": [],
                    "provider": "provider.aws"
                },
                "aws_subnet.private_staging_sn_1a": {
                    "type": "aws_subnet",
                    "depends_on": [
                        "aws_vpc.staging_vpc"
                    ],
                    "primary": {
                        "id": "subnet-d23377b5",
                        "attributes": {
                            "assign_ipv6_address_on_creation": "false",
                            "availability_zone": "ap-southeast-1a",
                            "cidr_block": "10.10.2.0/24",
                            "id": "subnet-d23377b5",
                            "map_public_ip_on_launch": "false",
                            "tags.%": "1",
                            "tags.Name": "private_staging_sn_1a",
                            "vpc_id": "vpc-60ca7607"
                        },
                        "meta": {
                            "schema_version": "1"
                        },
                        "tainted": false
                    },
                    "deposed": [],
                    "provider": "provider.aws"
                },
                "aws_subnet.private_staging_sn_1b": {
                    "type": "aws_subnet",
                    "depends_on": [
                        "aws_vpc.staging_vpc"
                    ],
                    "primary": {
                        "id": "subnet-f9c2b7b0",
                        "attributes": {
                            "assign_ipv6_address_on_creation": "false",
                            "availability_zone": "ap-southeast-1b",
                            "cidr_block": "10.10.3.0/24",
                            "id": "subnet-f9c2b7b0",
                            "map_public_ip_on_launch": "false",
                            "tags.%": "1",
                            "tags.Name": "private_staging_sn_1b",
                            "vpc_id": "vpc-60ca7607"
                        },
                        "meta": {
                            "schema_version": "1"
                        },
                        "tainted": false
                    },
                    "deposed": [],
                    "provider": "provider.aws"
                },
                "aws_subnet.public_staging_sn_1a": {
                    "type": "aws_subnet",
                    "depends_on": [
                        "aws_vpc.staging_vpc"
                    ],
                    "primary": {
                        "id": "subnet-52327635",
                        "attributes": {
                            "assign_ipv6_address_on_creation": "false",
                            "availability_zone": "ap-southeast-1a",
                            "cidr_block": "10.10.0.0/24",
                            "id": "subnet-52327635",
                            "map_public_ip_on_launch": "true",
                            "tags.%": "1",
                            "tags.Name": "public_staging_sn_1a",
                            "vpc_id": "vpc-60ca7607"
                        },
                        "meta": {
                            "schema_version": "1"
                        },
                        "tainted": false
                    },
                    "deposed": [],
                    "provider": "provider.aws"
                },
                "aws_subnet.public_staging_sn_1b": {
                    "type": "aws_subnet",
                    "depends_on": [
                        "aws_vpc.staging_vpc"
                    ],
                    "primary": {
                        "id": "subnet-eec1b4a7",
                        "attributes": {
                            "assign_ipv6_address_on_creation": "false",
                            "availability_zone": "ap-southeast-1b",
                            "cidr_block": "10.10.1.0/24",
                            "id": "subnet-eec1b4a7",
                            "map_public_ip_on_launch": "true",
                            "tags.%": "1",
                            "tags.Name": "public_staging_sn_1b",
                            "vpc_id": "vpc-60ca7607"
                        },
                        "meta": {
                            "schema_version": "1"
                        },
                        "tainted": false
                    },
                    "deposed": [],
                    "provider": "provider.aws"
                },
                "aws_vpc.staging_vpc": {
                    "type": "aws_vpc",
                    "depends_on": [],
                    "primary": {
                        "id": "vpc-60ca7607",
                        "attributes": {
                            "assign_generated_ipv6_cidr_block": "false",
                            "cidr_block": "10.10.0.0/16",
                            "default_network_acl_id": "acl-2919474e",
                            "default_route_table_id": "rtb-ec64598b",
                            "default_security_group_id": "sg-2281265b",
                            "dhcp_options_id": "dopt-663f9c03",
                            "enable_classiclink": "false",
                            "enable_classiclink_dns_support": "false",
                            "enable_dns_hostnames": "true",
                            "enable_dns_support": "true",
                            "id": "vpc-60ca7607",
                            "instance_tenancy": "default",
                            "main_route_table_id": "rtb-ec64598b",
                            "tags.%": "1",
                            "tags.Name": "staging_vpc"
                        },
                        "meta": {
                            "schema_version": "1"
                        },
                        "tainted": false
                    },
                    "deposed": [],
                    "provider": "provider.aws"
                }
            },
            "depends_on": []
        }
    ]
}
