{
    "version": 3,
    "terraform_version": "0.11.3",
    "serial": 19,
    "lineage": "1cdbd143-7153-4c04-a88b-1e47a43685ff",
    "modules": [
        {
            "path": [
                "root"
            ],
            "outputs": {},
            "resources": {
                "aws_elastic_beanstalk_application.staging_application": {
                    "type": "aws_elastic_beanstalk_application",
                    "depends_on": [],
                    "primary": {
                        "id": "StagingApplication",
                        "attributes": {
                            "description": "StagingApplication",
                            "id": "StagingApplication",
                            "name": "StagingApplication"
                        },
                        "meta": {},
                        "tainted": false
                    },
                    "deposed": [],
                    "provider": "provider.aws"
                },
                "aws_elastic_beanstalk_environment.staging_app": {
                    "type": "aws_elastic_beanstalk_environment",
                    "depends_on": [
                        "aws_elastic_beanstalk_application.staging_application",
                        "aws_subnet.public_staging_sn_1a",
                        "aws_vpc.staging_vpc"
                    ],
                    "primary": {
                        "id": "e-bpffai6y3v",
                        "attributes": {
                            "all_settings.#": "101",
                            "all_settings.1036703857.name": "EvaluationPeriods",
                            "all_settings.1036703857.namespace": "aws:autoscaling:trigger",
                            "all_settings.1036703857.resource": "",
                            "all_settings.1036703857.value": "1",
                            "all_settings.1055035439.name": "RootVolumeType",
                            "all_settings.1055035439.namespace": "aws:autoscaling:launchconfiguration",
                            "all_settings.1055035439.resource": "",
                            "all_settings.1055035439.value": "",
                            "all_settings.1093784765.name": "ListenerProtocol",
                            "all_settings.1093784765.namespace": "aws:elb:listener:80",
                            "all_settings.1093784765.resource": "",
                            "all_settings.1093784765.value": "HTTP",
                            "all_settings.1105127146.name": "LoadBalancerPortProtocol",
                            "all_settings.1105127146.namespace": "aws:elb:loadbalancer",
                            "all_settings.1105127146.resource": "",
                            "all_settings.1105127146.value": "HTTP",
                            "all_settings.1139450884.name": "memory_limit",
                            "all_settings.1139450884.namespace": "aws:elasticbeanstalk:container:php:phpini",
                            "all_settings.1139450884.resource": "",
                            "all_settings.1139450884.value": "256M",
                            "all_settings.1312309504.name": "MinInstancesInService",
                            "all_settings.1312309504.namespace": "aws:autoscaling:updatepolicy:rollingupdate",
                            "all_settings.1312309504.resource": "",
                            "all_settings.1312309504.value": "",
                            "all_settings.1384328253.name": "ELBScheme",
                            "all_settings.1384328253.namespace": "aws:ec2:vpc",
                            "all_settings.1384328253.resource": "",
                            "all_settings.1384328253.value": "public",
                            "all_settings.1396827513.name": "HooksPkgUrl",
                            "all_settings.1396827513.namespace": "aws:cloudformation:template:parameter",
                            "all_settings.1396827513.resource": "",
                            "all_settings.1396827513.value": "https://s3.dualstack.ap-southeast-1.amazonaws.com/elasticbeanstalk-env-resources-ap-southeast-1/stalks/eb_php_4.0.1.200004.0/lib/assets.tar.gz",
                            "all_settings.1429395430.name": "AssociatePublicIpAddress",
                            "all_settings.1429395430.namespace": "aws:ec2:vpc",
                            "all_settings.1429395430.resource": "",
                            "all_settings.1429395430.value": "false",
                            "all_settings.1487137936.name": "IgnoreHealthCheck",
                            "all_settings.1487137936.namespace": "aws:elasticbeanstalk:command",
                            "all_settings.1487137936.resource": "",
                            "all_settings.1487137936.value": "false",
                            "all_settings.1497664210.name": "CrossZone",
                            "all_settings.1497664210.namespace": "aws:elb:loadbalancer",
                            "all_settings.1497664210.resource": "",
                            "all_settings.1497664210.value": "true",
                            "all_settings.1522241579.name": "AppSource",
                            "all_settings.1522241579.namespace": "aws:cloudformation:template:parameter",
                            "all_settings.1522241579.resource": "",
                            "all_settings.1522241579.value": "http://s3-ap-southeast-1.amazonaws.com/elasticbeanstalk-samples-ap-southeast-1/php-newsample-app.zip",
                            "all_settings.1539976252.name": "ListenerEnabled",
                            "all_settings.1539976252.namespace": "aws:elb:listener:80",
                            "all_settings.1539976252.resource": "",
                            "all_settings.1539976252.value": "true",
                            "all_settings.1584820072.name": "Custom Availability Zones",
                            "all_settings.1584820072.namespace": "aws:autoscaling:asg",
                            "all_settings.1584820072.resource": "",
                            "all_settings.1584820072.value": "",
                            "all_settings.1709622552.name": "LoadBalancerSSLPortProtocol",
                            "all_settings.1709622552.namespace": "aws:elb:loadbalancer",
                            "all_settings.1709622552.resource": "",
                            "all_settings.1709622552.value": "HTTPS",
                            "all_settings.1790394855.name": "Subnets",
                            "all_settings.1790394855.namespace": "aws:ec2:vpc",
                            "all_settings.1790394855.resource": "",
                            "all_settings.1790394855.value": "subnet-ae4400c9",
                            "all_settings.1824390401.name": "Notification Topic ARN",
                            "all_settings.1824390401.namespace": "aws:elasticbeanstalk:sns:topics",
                            "all_settings.1824390401.resource": "",
                            "all_settings.1824390401.value": "",
                            "all_settings.1835511052.name": "SSLCertificateId",
                            "all_settings.1835511052.namespace": "aws:elb:listener:80",
                            "all_settings.1835511052.resource": "",
                            "all_settings.1835511052.value": "",
                            "all_settings.1839941942.name": "BlockDeviceMappings",
                            "all_settings.1839941942.namespace": "aws:autoscaling:launchconfiguration",
                            "all_settings.1839941942.resource": "",
                            "all_settings.1839941942.value": "",
                            "all_settings.1853127076.name": "Notification Endpoint",
                            "all_settings.1853127076.namespace": "aws:elasticbeanstalk:sns:topics",
                            "all_settings.1853127076.resource": "",
                            "all_settings.1853127076.value": "",
                            "all_settings.1932615024.name": "UnhealthyThreshold",
                            "all_settings.1932615024.namespace": "aws:elb:healthcheck",
                            "all_settings.1932615024.resource": "",
                            "all_settings.1932615024.value": "5",
                            "all_settings.1949446425.name": "allow_url_fopen",
                            "all_settings.1949446425.namespace": "aws:elasticbeanstalk:container:php:phpini",
                            "all_settings.1949446425.resource": "",
                            "all_settings.1949446425.value": "On",
                            "all_settings.2128368294.name": "max_execution_time",
                            "all_settings.2128368294.namespace": "aws:elasticbeanstalk:container:php:phpini",
                            "all_settings.2128368294.resource": "",
                            "all_settings.2128368294.value": "60",
                            "all_settings.2145095834.name": "InstanceProtocol",
                            "all_settings.2145095834.namespace": "aws:elb:listener:80",
                            "all_settings.2145095834.resource": "",
                            "all_settings.2145095834.value": "HTTP",
                            "all_settings.2207777926.name": "StreamLogs",
                            "all_settings.2207777926.namespace": "aws:elasticbeanstalk:cloudwatch:logs",
                            "all_settings.2207777926.resource": "",
                            "all_settings.2207777926.value": "false",
                            "all_settings.2210680385.name": "LaunchType",
                            "all_settings.2210680385.namespace": "aws:elasticbeanstalk:control",
                            "all_settings.2210680385.resource": "",
                            "all_settings.2210680385.value": "Migration",
                            "all_settings.2262995125.name": "Availability Zones",
                            "all_settings.2262995125.namespace": "aws:autoscaling:asg",
                            "all_settings.2262995125.resource": "",
                            "all_settings.2262995125.value": "Any 2",
                            "all_settings.2293968963.name": "composer_options",
                            "all_settings.2293968963.namespace": "aws:elasticbeanstalk:container:php:phpini",
                            "all_settings.2293968963.resource": "",
                            "all_settings.2293968963.value": "",
                            "all_settings.2378924418.name": "PreferredStartTime",
                            "all_settings.2378924418.namespace": "aws:elasticbeanstalk:managedactions",
                            "all_settings.2378924418.resource": "",
                            "all_settings.2378924418.value": "",
                            "all_settings.2397211163.name": "LowerThreshold",
                            "all_settings.2397211163.namespace": "aws:autoscaling:trigger",
                            "all_settings.2397211163.resource": "",
                            "all_settings.2397211163.value": "20",
                            "all_settings.2402433859.name": "Period",
                            "all_settings.2402433859.namespace": "aws:autoscaling:trigger",
                            "all_settings.2402433859.resource": "",
                            "all_settings.2402433859.value": "5",
                            "all_settings.240742627.name": "UpperBreachScaleIncrement",
                            "all_settings.240742627.namespace": "aws:autoscaling:trigger",
                            "all_settings.240742627.resource": "",
                            "all_settings.240742627.value": "1",
                            "all_settings.2436131110.name": "display_errors",
                            "all_settings.2436131110.namespace": "aws:elasticbeanstalk:container:php:phpini",
                            "all_settings.2436131110.resource": "",
                            "all_settings.2436131110.value": "Off",
                            "all_settings.2492456712.name": "LogPublicationControl",
                            "all_settings.2492456712.namespace": "aws:elasticbeanstalk:hostmanager",
                            "all_settings.2492456712.resource": "",
                            "all_settings.2492456712.value": "false",
                            "all_settings.2521334252.name": "InstanceRefreshEnabled",
                            "all_settings.2521334252.namespace": "aws:elasticbeanstalk:managedactions:platformupdate",
                            "all_settings.2521334252.resource": "",
                            "all_settings.2521334252.value": "false",
                            "all_settings.2542474489.name": "LoadBalancerType",
                            "all_settings.2542474489.namespace": "aws:elasticbeanstalk:environment",
                            "all_settings.2542474489.resource": "",
                            "all_settings.2542474489.value": "classic",
                            "all_settings.2558821935.name": "PauseTime",
                            "all_settings.2558821935.namespace": "aws:autoscaling:updatepolicy:rollingupdate",
                            "all_settings.2558821935.resource": "",
                            "all_settings.2558821935.value": "",
                            "all_settings.2578083670.name": "InstancePort",
                            "all_settings.2578083670.namespace": "aws:cloudformation:template:parameter",
                            "all_settings.2578083670.resource": "",
                            "all_settings.2578083670.value": "80",
                            "all_settings.2653116569.name": "EnvironmentVariables",
                            "all_settings.2653116569.namespace": "aws:cloudformation:template:parameter",
                            "all_settings.2653116569.resource": "",
                            "all_settings.2653116569.value": "AWS_ENVIRONMENT=staging",
                            "all_settings.2740395520.name": "Unit",
                            "all_settings.2740395520.namespace": "aws:autoscaling:trigger",
                            "all_settings.2740395520.resource": "",
                            "all_settings.2740395520.value": "Percent",
                            "all_settings.2740661437.name": "InstanceTypeFamily",
                            "all_settings.2740661437.namespace": "aws:cloudformation:template:parameter",
                            "all_settings.2740661437.resource": "",
                            "all_settings.2740661437.value": "t2",
                            "all_settings.2824564098.name": "RollingUpdateType",
                            "all_settings.2824564098.namespace": "aws:autoscaling:updatepolicy:rollingupdate",
                            "all_settings.2824564098.resource": "",
                            "all_settings.2824564098.value": "Time",
                            "all_settings.28260639.name": "Application Healthcheck URL",
                            "all_settings.28260639.namespace": "aws:elasticbeanstalk:application",
                            "all_settings.28260639.resource": "",
                            "all_settings.28260639.value": "",
                            "all_settings.2827474164.name": "ConnectionSettingIdleTimeout",
                            "all_settings.2827474164.namespace": "aws:elb:policies",
                            "all_settings.2827474164.resource": "",
                            "all_settings.2827474164.value": "60",
                            "all_settings.2830774034.name": "ELBSubnets",
                            "all_settings.2830774034.namespace": "aws:ec2:vpc",
                            "all_settings.2830774034.resource": "",
                            "all_settings.2830774034.value": "subnet-ae4400c9",
                            "all_settings.2840735534.name": "AWS_ENVIRONMENT",
                            "all_settings.2840735534.namespace": "aws:elasticbeanstalk:application:environment",
                            "all_settings.2840735534.resource": "",
                            "all_settings.2840735534.value": "staging",
                            "all_settings.285213017.name": "PolicyNames",
                            "all_settings.285213017.namespace": "aws:elb:listener:80",
                            "all_settings.285213017.resource": "",
                            "all_settings.285213017.value": "",
                            "all_settings.2929485696.name": "EnvironmentType",
                            "all_settings.2929485696.namespace": "aws:elasticbeanstalk:environment",
                            "all_settings.2929485696.resource": "",
                            "all_settings.2929485696.value": "LoadBalanced",
                            "all_settings.3028455964.name": "zlib.output_compression",
                            "all_settings.3028455964.namespace": "aws:elasticbeanstalk:container:php:phpini",
                            "all_settings.3028455964.resource": "",
                            "all_settings.3028455964.value": "Off",
                            "all_settings.304444642.name": "ConnectionDrainingTimeout",
                            "all_settings.304444642.namespace": "aws:elb:policies",
                            "all_settings.304444642.resource": "",
                            "all_settings.304444642.value": "20",
                            "all_settings.3111731957.name": "InstanceType",
                            "all_settings.3111731957.namespace": "aws:autoscaling:launchconfiguration",
                            "all_settings.3111731957.resource": "",
                            "all_settings.3111731957.value": "t2.micro",
                            "all_settings.3163218702.name": "Interval",
                            "all_settings.3163218702.namespace": "aws:elb:healthcheck",
                            "all_settings.3163218702.resource": "",
                            "all_settings.3163218702.value": "10",
                            "all_settings.3243179558.name": "ExternalExtensionsS3Key",
                            "all_settings.3243179558.namespace": "aws:elasticbeanstalk:environment",
                            "all_settings.3243179558.resource": "",
                            "all_settings.3243179558.value": "",
                            "all_settings.3263411188.name": "RootVolumeIOPS",
                            "all_settings.3263411188.namespace": "aws:autoscaling:launchconfiguration",
                            "all_settings.3263411188.resource": "",
                            "all_settings.3263411188.value": "",
                            "all_settings.3334874421.name": "RollingUpdateEnabled",
                            "all_settings.3334874421.namespace": "aws:autoscaling:updatepolicy:rollingupdate",
                            "all_settings.3334874421.resource": "",
                            "all_settings.3334874421.value": "false",
                            "all_settings.3341012745.name": "MeasureName",
                            "all_settings.3341012745.namespace": "aws:autoscaling:trigger",
                            "all_settings.3341012745.resource": "",
                            "all_settings.3341012745.value": "CPUUtilization",
                            "all_settings.3354438189.name": "Timeout",
                            "all_settings.3354438189.namespace": "aws:autoscaling:updatepolicy:rollingupdate",
                            "all_settings.3354438189.resource": "",
                            "all_settings.3354438189.value": "PT30M",
                            "all_settings.3396910454.name": "HealthCheckSuccessThreshold",
                            "all_settings.3396910454.namespace": "aws:elasticbeanstalk:healthreporting:system",
                            "all_settings.3396910454.resource": "",
                            "all_settings.3396910454.value": "Ok",
                            "all_settings.3402994671.name": "Statistic",
                            "all_settings.3402994671.namespace": "aws:autoscaling:trigger",
                            "all_settings.3402994671.resource": "",
                            "all_settings.3402994671.value": "Average",
                            "all_settings.3438018982.name": "MonitoringInterval",
                            "all_settings.3438018982.namespace": "aws:autoscaling:launchconfiguration",
                            "all_settings.3438018982.resource": "",
                            "all_settings.3438018982.value": "5 minute",
                            "all_settings.3450082806.name": "DeleteOnTerminate",
                            "all_settings.3450082806.namespace": "aws:elasticbeanstalk:cloudwatch:logs",
                            "all_settings.3450082806.resource": "",
                            "all_settings.3450082806.value": "false",
                            "all_settings.3511459446.name": "RootVolumeSize",
                            "all_settings.3511459446.namespace": "aws:autoscaling:launchconfiguration",
                            "all_settings.3511459446.resource": "",
                            "all_settings.3511459446.value": "",
                            "all_settings.3521293720.name": "ServiceRole",
                            "all_settings.3521293720.namespace": "aws:elasticbeanstalk:environment",
                            "all_settings.3521293720.resource": "",
                            "all_settings.3521293720.value": "AWSServiceRoleForElasticBeanstalk",
                            "all_settings.3578234322.name": "SystemType",
                            "all_settings.3578234322.namespace": "aws:elasticbeanstalk:healthreporting:system",
                            "all_settings.3578234322.resource": "",
                            "all_settings.3578234322.value": "basic",
                            "all_settings.3584475532.name": "Notification Topic Name",
                            "all_settings.3584475532.namespace": "aws:elasticbeanstalk:sns:topics",
                            "all_settings.3584475532.resource": "",
                            "all_settings.3584475532.value": "",
                            "all_settings.3603622424.name": "ManagedActionsEnabled",
                            "all_settings.3603622424.namespace": "aws:elasticbeanstalk:managedactions",
                            "all_settings.3603622424.resource": "",
                            "all_settings.3603622424.value": "false",
                            "all_settings.3612309826.name": "document_root",
                            "all_settings.3612309826.namespace": "aws:elasticbeanstalk:container:php:phpini",
                            "all_settings.3612309826.resource": "",
                            "all_settings.3612309826.value": "",
                            "all_settings.3615478791.name": "MaxBatchSize",
                            "all_settings.3615478791.namespace": "aws:autoscaling:updatepolicy:rollingupdate",
                            "all_settings.3615478791.resource": "",
                            "all_settings.3615478791.value": "",
                            "all_settings.3615826456.name": "ExternalExtensionsS3Bucket",
                            "all_settings.3615826456.namespace": "aws:elasticbeanstalk:environment",
                            "all_settings.3615826456.resource": "",
                            "all_settings.3615826456.value": "",
                            "all_settings.3648591417.name": "Cooldown",
                            "all_settings.3648591417.namespace": "aws:autoscaling:asg",
                            "all_settings.3648591417.resource": "",
                            "all_settings.3648591417.value": "360",
                            "all_settings.3665611509.name": "SecurityGroups",
                            "all_settings.3665611509.namespace": "aws:autoscaling:launchconfiguration",
                            "all_settings.3665611509.resource": "",
                            "all_settings.3665611509.value": "",
                            "all_settings.3705073300.name": "Notification Protocol",
                            "all_settings.3705073300.namespace": "aws:elasticbeanstalk:sns:topics",
                            "all_settings.3705073300.resource": "",
                            "all_settings.3705073300.value": "email",
                            "all_settings.3708017666.name": "LowerBreachScaleIncrement",
                            "all_settings.3708017666.namespace": "aws:autoscaling:trigger",
                            "all_settings.3708017666.resource": "",
                            "all_settings.3708017666.value": "-1",
                            "all_settings.3724884981.name": "VPCId",
                            "all_settings.3724884981.namespace": "aws:ec2:vpc",
                            "all_settings.3724884981.resource": "",
                            "all_settings.3724884981.value": "vpc-2bac104c",
                            "all_settings.3739434161.name": "IamInstanceProfile",
                            "all_settings.3739434161.namespace": "aws:autoscaling:launchconfiguration",
                            "all_settings.3739434161.resource": "",
                            "all_settings.3739434161.value": "",
                            "all_settings.3768277227.name": "ConfigDocument",
                            "all_settings.3768277227.namespace": "aws:elasticbeanstalk:healthreporting:system",
                            "all_settings.3768277227.resource": "",
                            "all_settings.3768277227.value": "{\"Version\":1,\"CloudWatchMetrics\":{\"Instance\":{\"CPUIrq\":null,\"LoadAverage5min\":null,\"ApplicationRequests5xx\":null,\"ApplicationRequests4xx\":null,\"CPUUser\":null,\"LoadAverage1min\":null,\"ApplicationLatencyP50\":null,\"CPUIdle\":null,\"InstanceHealth\":null,\"ApplicationLatencyP95\":null,\"ApplicationLatencyP85\":null,\"RootFilesystemUtil\":null,\"ApplicationLatencyP90\":null,\"CPUSystem\":null,\"ApplicationLatencyP75\":null,\"CPUSoftirq\":null,\"ApplicationLatencyP10\":null,\"ApplicationLatencyP99\":null,\"ApplicationRequestsTotal\":null,\"ApplicationLatencyP99.9\":null,\"ApplicationRequests3xx\":null,\"ApplicationRequests2xx\":null,\"CPUIowait\":null,\"CPUNice\":null},\"Environment\":{\"InstancesSevere\":null,\"InstancesDegraded\":null,\"ApplicationRequests5xx\":null,\"ApplicationRequests4xx\":null,\"ApplicationLatencyP50\":null,\"ApplicationLatencyP95\":null,\"ApplicationLatencyP85\":null,\"InstancesUnknown\":null,\"ApplicationLatencyP90\":null,\"InstancesInfo\":null,\"InstancesPending\":null,\"ApplicationLatencyP75\":null,\"ApplicationLatencyP10\":null,\"ApplicationLatencyP99\":null,\"ApplicationRequestsTotal\":null,\"InstancesNoData\":null,\"ApplicationLatencyP99.9\":null,\"ApplicationRequests3xx\":null,\"ApplicationRequests2xx\":null,\"InstancesOk\":null,\"InstancesWarning\":null}}}",
                            "all_settings.3929976136.name": "BatchSize",
                            "all_settings.3929976136.namespace": "aws:elasticbeanstalk:command",
                            "all_settings.3929976136.resource": "",
                            "all_settings.3929976136.value": "100",
                            "all_settings.3961867433.name": "SSLCertificateId",
                            "all_settings.3961867433.namespace": "aws:elb:loadbalancer",
                            "all_settings.3961867433.resource": "",
                            "all_settings.3961867433.value": "",
                            "all_settings.3981805791.name": "Automatically Terminate Unhealthy Instances",
                            "all_settings.3981805791.namespace": "aws:elasticbeanstalk:monitoring",
                            "all_settings.3981805791.resource": "",
                            "all_settings.3981805791.value": "true",
                            "all_settings.399529023.name": "MinSize",
                            "all_settings.399529023.namespace": "aws:autoscaling:asg",
                            "all_settings.399529023.resource": "",
                            "all_settings.399529023.value": "2",
                            "all_settings.4010736724.name": "EC2KeyName",
                            "all_settings.4010736724.namespace": "aws:autoscaling:launchconfiguration",
                            "all_settings.4010736724.resource": "",
                            "all_settings.4010736724.value": "",
                            "all_settings.4020527343.name": "InstancePort",
                            "all_settings.4020527343.namespace": "aws:elb:listener:80",
                            "all_settings.4020527343.resource": "",
                            "all_settings.4020527343.value": "80",
                            "all_settings.4045810063.name": "UpperThreshold",
                            "all_settings.4045810063.namespace": "aws:autoscaling:trigger",
                            "all_settings.4045810063.resource": "",
                            "all_settings.4045810063.value": "80",
                            "all_settings.4047117969.name": "ImageId",
                            "all_settings.4047117969.namespace": "aws:autoscaling:launchconfiguration",
                            "all_settings.4047117969.resource": "",
                            "all_settings.4047117969.value": "ami-85a8e7f9",
                            "all_settings.4065641051.name": "ConnectionDrainingEnabled",
                            "all_settings.4065641051.namespace": "aws:elb:policies",
                            "all_settings.4065641051.resource": "",
                            "all_settings.4065641051.value": "true",
                            "all_settings.4100247781.name": "BreachDuration",
                            "all_settings.4100247781.namespace": "aws:autoscaling:trigger",
                            "all_settings.4100247781.resource": "",
                            "all_settings.4100247781.value": "5",
                            "all_settings.4107770397.name": "Target",
                            "all_settings.4107770397.namespace": "aws:elb:healthcheck",
                            "all_settings.4107770397.resource": "",
                            "all_settings.4107770397.value": "TCP:80",
                            "all_settings.4136940953.name": "UpdateLevel",
                            "all_settings.4136940953.namespace": "aws:elasticbeanstalk:managedactions:platformupdate",
                            "all_settings.4136940953.resource": "",
                            "all_settings.4136940953.value": "",
                            "all_settings.4167503353.name": "LaunchTimeout",
                            "all_settings.4167503353.namespace": "aws:elasticbeanstalk:control",
                            "all_settings.4167503353.resource": "",
                            "all_settings.4167503353.value": "0",
                            "all_settings.4232919657.name": "SecurityGroups",
                            "all_settings.4232919657.namespace": "aws:elb:loadbalancer",
                            "all_settings.4232919657.resource": "",
                            "all_settings.4232919657.value": "",
                            "all_settings.4267362780.name": "Timeout",
                            "all_settings.4267362780.namespace": "aws:elb:healthcheck",
                            "all_settings.4267362780.resource": "",
                            "all_settings.4267362780.value": "5",
                            "all_settings.433110370.name": "DefaultSSHPort",
                            "all_settings.433110370.namespace": "aws:elasticbeanstalk:control",
                            "all_settings.433110370.resource": "",
                            "all_settings.433110370.value": "22",
                            "all_settings.502734328.name": "SSHSourceRestriction",
                            "all_settings.502734328.namespace": "aws:autoscaling:launchconfiguration",
                            "all_settings.502734328.resource": "",
                            "all_settings.502734328.value": "tcp,22,22,0.0.0.0/0",
                            "all_settings.59521051.name": "HealthyThreshold",
                            "all_settings.59521051.namespace": "aws:elb:healthcheck",
                            "all_settings.59521051.resource": "",
                            "all_settings.59521051.value": "3",
                            "all_settings.693650251.name": "MaxSize",
                            "all_settings.693650251.namespace": "aws:autoscaling:asg",
                            "all_settings.693650251.resource": "",
                            "all_settings.693650251.value": "4",
                            "all_settings.731293825.name": "LoadBalancerHTTPSPort",
                            "all_settings.731293825.namespace": "aws:elb:loadbalancer",
                            "all_settings.731293825.resource": "",
                            "all_settings.731293825.value": "OFF",
                            "all_settings.747815089.name": "BatchSizeType",
                            "all_settings.747815089.namespace": "aws:elasticbeanstalk:command",
                            "all_settings.747815089.resource": "",
                            "all_settings.747815089.value": "Percentage",
                            "all_settings.784312882.name": "LoadBalancerHTTPPort",
                            "all_settings.784312882.namespace": "aws:elb:loadbalancer",
                            "all_settings.784312882.resource": "",
                            "all_settings.784312882.value": "80",
                            "all_settings.881749867.name": "Timeout",
                            "all_settings.881749867.namespace": "aws:elasticbeanstalk:command",
                            "all_settings.881749867.resource": "",
                            "all_settings.881749867.value": "600",
                            "all_settings.934067176.name": "RetentionInDays",
                            "all_settings.934067176.namespace": "aws:elasticbeanstalk:cloudwatch:logs",
                            "all_settings.934067176.resource": "",
                            "all_settings.934067176.value": "7",
                            "all_settings.940069638.name": "RollbackLaunchOnFailure",
                            "all_settings.940069638.namespace": "aws:elasticbeanstalk:control",
                            "all_settings.940069638.resource": "",
                            "all_settings.940069638.value": "false",
                            "application": "StagingApplication",
                            "autoscaling_groups.#": "1",
                            "autoscaling_groups.0": "awseb-e-bpffai6y3v-stack-AWSEBAutoScalingGroup-133L1ST9GZ5EW",
                            "cname": "stagingapp.guwiix5jpz.ap-southeast-1.elasticbeanstalk.com",
                            "cname_prefix": "",
                            "description": "",
                            "id": "e-bpffai6y3v",
                            "instances.#": "2",
                            "instances.0": "i-0d6b3ef0517d1587a",
                            "instances.1": "i-0ba4e490cdaee6879",
                            "launch_configurations.#": "1",
                            "launch_configurations.0": "awseb-e-bpffai6y3v-stack-AWSEBAutoScalingLaunchConfiguration-1H4FK54CNFRUF",
                            "load_balancers.#": "1",
                            "load_balancers.0": "awseb-e-b-AWSEBLoa-1C1BQQ74MN28F",
                            "name": "stagingapp",
                            "queues.#": "0",
                            "setting.#": "17",
                            "setting.1497664210.name": "CrossZone",
                            "setting.1497664210.namespace": "aws:elb:loadbalancer",
                            "setting.1497664210.resource": "",
                            "setting.1497664210.value": "true",
                            "setting.1790394855.name": "Subnets",
                            "setting.1790394855.namespace": "aws:ec2:vpc",
                            "setting.1790394855.resource": "",
                            "setting.1790394855.value": "subnet-ae4400c9",
                            "setting.2262995125.name": "Availability Zones",
                            "setting.2262995125.namespace": "aws:autoscaling:asg",
                            "setting.2262995125.resource": "",
                            "setting.2262995125.value": "Any 2",
                            "setting.2397211163.name": "LowerThreshold",
                            "setting.2397211163.namespace": "aws:autoscaling:trigger",
                            "setting.2397211163.resource": "",
                            "setting.2397211163.value": "20",
                            "setting.240742627.name": "UpperBreachScaleIncrement",
                            "setting.240742627.namespace": "aws:autoscaling:trigger",
                            "setting.240742627.resource": "",
                            "setting.240742627.value": "1",
                            "setting.2740395520.name": "Unit",
                            "setting.2740395520.namespace": "aws:autoscaling:trigger",
                            "setting.2740395520.resource": "",
                            "setting.2740395520.value": "Percent",
                            "setting.2830774034.name": "ELBSubnets",
                            "setting.2830774034.namespace": "aws:ec2:vpc",
                            "setting.2830774034.resource": "",
                            "setting.2830774034.value": "subnet-ae4400c9",
                            "setting.2840735534.name": "AWS_ENVIRONMENT",
                            "setting.2840735534.namespace": "aws:elasticbeanstalk:application:environment",
                            "setting.2840735534.resource": "",
                            "setting.2840735534.value": "staging",
                            "setting.2929485696.name": "EnvironmentType",
                            "setting.2929485696.namespace": "aws:elasticbeanstalk:environment",
                            "setting.2929485696.resource": "",
                            "setting.2929485696.value": "LoadBalanced",
                            "setting.3111731957.name": "InstanceType",
                            "setting.3111731957.namespace": "aws:autoscaling:launchconfiguration",
                            "setting.3111731957.resource": "",
                            "setting.3111731957.value": "t2.micro",
                            "setting.3341012745.name": "MeasureName",
                            "setting.3341012745.namespace": "aws:autoscaling:trigger",
                            "setting.3341012745.resource": "",
                            "setting.3341012745.value": "CPUUtilization",
                            "setting.3708017666.name": "LowerBreachScaleIncrement",
                            "setting.3708017666.namespace": "aws:autoscaling:trigger",
                            "setting.3708017666.resource": "",
                            "setting.3708017666.value": "-1",
                            "setting.3724884981.name": "VPCId",
                            "setting.3724884981.namespace": "aws:ec2:vpc",
                            "setting.3724884981.resource": "",
                            "setting.3724884981.value": "vpc-2bac104c",
                            "setting.399529023.name": "MinSize",
                            "setting.399529023.namespace": "aws:autoscaling:asg",
                            "setting.399529023.resource": "",
                            "setting.399529023.value": "2",
                            "setting.4045810063.name": "UpperThreshold",
                            "setting.4045810063.namespace": "aws:autoscaling:trigger",
                            "setting.4045810063.resource": "",
                            "setting.4045810063.value": "80",
                            "setting.4065641051.name": "ConnectionDrainingEnabled",
                            "setting.4065641051.namespace": "aws:elb:policies",
                            "setting.4065641051.resource": "",
                            "setting.4065641051.value": "true",
                            "setting.693650251.name": "MaxSize",
                            "setting.693650251.namespace": "aws:autoscaling:asg",
                            "setting.693650251.resource": "",
                            "setting.693650251.value": "4",
                            "solution_stack_name": "64bit Amazon Linux 2017.09 v2.6.5 running PHP 7.1",
                            "tier": "WebServer",
                            "triggers.#": "0",
                            "version_label": "",
                            "wait_for_ready_timeout": "20m"
                        },
                        "meta": {
                            "schema_version": "1"
                        },
                        "tainted": false
                    },
                    "deposed": [],
                    "provider": "provider.aws"
                },
                "aws_internet_gateway.staging_igw": {
                    "type": "aws_internet_gateway",
                    "depends_on": [
                        "aws_vpc.staging_vpc"
                    ],
                    "primary": {
                        "id": "igw-a739b6c3",
                        "attributes": {
                            "id": "igw-a739b6c3",
                            "tags.%": "1",
                            "tags.Name": "staging_igw",
                            "vpc_id": "vpc-2bac104c"
                        },
                        "meta": {},
                        "tainted": false
                    },
                    "deposed": [],
                    "provider": "provider.aws"
                },
                "aws_route.staging_internet_rt": {
                    "type": "aws_route",
                    "depends_on": [
                        "aws_internet_gateway.staging_igw",
                        "aws_vpc.staging_vpc"
                    ],
                    "primary": {
                        "id": "r-rtb-4a4a772d1080289494",
                        "attributes": {
                            "destination_cidr_block": "0.0.0.0/0",
                            "destination_prefix_list_id": "",
                            "egress_only_gateway_id": "",
                            "gateway_id": "igw-a739b6c3",
                            "id": "r-rtb-4a4a772d1080289494",
                            "instance_id": "",
                            "instance_owner_id": "",
                            "nat_gateway_id": "",
                            "network_interface_id": "",
                            "origin": "CreateRoute",
                            "route_table_id": "rtb-4a4a772d",
                            "state": "active",
                            "vpc_peering_connection_id": ""
                        },
                        "meta": {},
                        "tainted": false
                    },
                    "deposed": [],
                    "provider": "provider.aws"
                },
                "aws_subnet.private_staging_sn_1a": {
                    "type": "aws_subnet",
                    "depends_on": [
                        "aws_vpc.staging_vpc"
                    ],
                    "primary": {
                        "id": "subnet-6f3c7808",
                        "attributes": {
                            "assign_ipv6_address_on_creation": "false",
                            "availability_zone": "ap-southeast-1a",
                            "cidr_block": "10.10.2.0/24",
                            "id": "subnet-6f3c7808",
                            "map_public_ip_on_launch": "false",
                            "tags.%": "1",
                            "tags.Name": "private_staging_sn_1a",
                            "vpc_id": "vpc-2bac104c"
                        },
                        "meta": {
                            "schema_version": "1"
                        },
                        "tainted": false
                    },
                    "deposed": [],
                    "provider": "provider.aws"
                },
                "aws_subnet.private_staging_sn_1b": {
                    "type": "aws_subnet",
                    "depends_on": [
                        "aws_vpc.staging_vpc"
                    ],
                    "primary": {
                        "id": "subnet-c2ccb98b",
                        "attributes": {
                            "assign_ipv6_address_on_creation": "false",
                            "availability_zone": "ap-southeast-1b",
                            "cidr_block": "10.10.3.0/24",
                            "id": "subnet-c2ccb98b",
                            "map_public_ip_on_launch": "false",
                            "tags.%": "1",
                            "tags.Name": "private_staging_sn_1b",
                            "vpc_id": "vpc-2bac104c"
                        },
                        "meta": {
                            "schema_version": "1"
                        },
                        "tainted": false
                    },
                    "deposed": [],
                    "provider": "provider.aws"
                },
                "aws_subnet.public_staging_sn_1a": {
                    "type": "aws_subnet",
                    "depends_on": [
                        "aws_vpc.staging_vpc"
                    ],
                    "primary": {
                        "id": "subnet-ae4400c9",
                        "attributes": {
                            "assign_ipv6_address_on_creation": "false",
                            "availability_zone": "ap-southeast-1a",
                            "cidr_block": "10.10.0.0/24",
                            "id": "subnet-ae4400c9",
                            "map_public_ip_on_launch": "true",
                            "tags.%": "1",
                            "tags.Name": "public_staging_sn_1a",
                            "vpc_id": "vpc-2bac104c"
                        },
                        "meta": {
                            "schema_version": "1"
                        },
                        "tainted": false
                    },
                    "deposed": [],
                    "provider": "provider.aws"
                },
                "aws_subnet.public_staging_sn_1b": {
                    "type": "aws_subnet",
                    "depends_on": [
                        "aws_vpc.staging_vpc"
                    ],
                    "primary": {
                        "id": "subnet-fa3440b3",
                        "attributes": {
                            "assign_ipv6_address_on_creation": "false",
                            "availability_zone": "ap-southeast-1b",
                            "cidr_block": "10.10.1.0/24",
                            "id": "subnet-fa3440b3",
                            "map_public_ip_on_launch": "true",
                            "tags.%": "1",
                            "tags.Name": "public_staging_sn_1b",
                            "vpc_id": "vpc-2bac104c"
                        },
                        "meta": {
                            "schema_version": "1"
                        },
                        "tainted": false
                    },
                    "deposed": [],
                    "provider": "provider.aws"
                },
                "aws_vpc.staging_vpc": {
                    "type": "aws_vpc",
                    "depends_on": [],
                    "primary": {
                        "id": "vpc-2bac104c",
                        "attributes": {
                            "assign_generated_ipv6_cidr_block": "false",
                            "cidr_block": "10.10.0.0/16",
                            "default_network_acl_id": "acl-d6055bb1",
                            "default_route_table_id": "rtb-4a4a772d",
                            "default_security_group_id": "sg-c161c6b8",
                            "dhcp_options_id": "dopt-663f9c03",
                            "enable_classiclink": "false",
                            "enable_classiclink_dns_support": "false",
                            "enable_dns_hostnames": "true",
                            "enable_dns_support": "true",
                            "id": "vpc-2bac104c",
                            "instance_tenancy": "default",
                            "main_route_table_id": "rtb-4a4a772d",
                            "tags.%": "1",
                            "tags.Name": "staging_vpc"
                        },
                        "meta": {
                            "schema_version": "1"
                        },
                        "tainted": false
                    },
                    "deposed": [],
                    "provider": "provider.aws"
                }
            },
            "depends_on": []
        }
    ]
}
