{
    "version": 3,
    "terraform_version": "0.11.3",
    "serial": 4,
    "lineage": "df9a7e95-61cd-428b-b743-3f1179346e94",
    "modules": [
        {
            "path": [
                "root"
            ],
            "outputs": {},
            "resources": {
                "aws_default_route_table.private": {
                    "type": "aws_default_route_table",
                    "depends_on": [
                        "aws_vpc.vpc"
                    ],
                    "primary": {
                        "id": "rtb-0bc99bd87184405ad",
                        "attributes": {
                            "default_route_table_id": "rtb-0bc99bd87184405ad",
                            "id": "rtb-0bc99bd87184405ad",
                            "propagating_vgws.#": "0",
                            "route.#": "0",
                            "tags.%": "1",
                            "tags.Name": "private",
                            "vpc_id": "vpc-0206d1b25f84d7160"
                        },
                        "meta": {},
                        "tainted": false
                    },
                    "deposed": [],
                    "provider": "provider.aws"
                },
                "aws_elastic_beanstalk_application.live-applications": {
                    "type": "aws_elastic_beanstalk_application",
                    "depends_on": [],
                    "primary": {
                        "id": "Live-Applications",
                        "attributes": {
                            "description": "Production-Applications",
                            "id": "Live-Applications",
                            "name": "Live-Applications"
                        },
                        "meta": {},
                        "tainted": false
                    },
                    "deposed": [],
                    "provider": "provider.aws"
                },
                "aws_elastic_beanstalk_environment.live-apps": {
                    "type": "aws_elastic_beanstalk_environment",
                    "depends_on": [
                        "aws_elastic_beanstalk_application.live-applications",
                        "aws_subnet.public1",
                        "aws_subnet.public2",
                        "aws_vpc.vpc"
                    ],
                    "primary": {
                        "id": "e-hdxr2f4uxk",
                        "attributes": {
                            "all_settings.#": "103",
                            "all_settings.1036703857.name": "EvaluationPeriods",
                            "all_settings.1036703857.namespace": "aws:autoscaling:trigger",
                            "all_settings.1036703857.resource": "",
                            "all_settings.1036703857.value": "1",
                            "all_settings.1055035439.name": "RootVolumeType",
                            "all_settings.1055035439.namespace": "aws:autoscaling:launchconfiguration",
                            "all_settings.1055035439.resource": "",
                            "all_settings.1055035439.value": "",
                            "all_settings.1139450884.name": "memory_limit",
                            "all_settings.1139450884.namespace": "aws:elasticbeanstalk:container:php:phpini",
                            "all_settings.1139450884.resource": "",
                            "all_settings.1139450884.value": "256M",
                            "all_settings.1312309504.name": "MinInstancesInService",
                            "all_settings.1312309504.namespace": "aws:autoscaling:updatepolicy:rollingupdate",
                            "all_settings.1312309504.resource": "",
                            "all_settings.1312309504.value": "",
                            "all_settings.1384328253.name": "ELBScheme",
                            "all_settings.1384328253.namespace": "aws:ec2:vpc",
                            "all_settings.1384328253.resource": "",
                            "all_settings.1384328253.value": "public",
                            "all_settings.1429395430.name": "AssociatePublicIpAddress",
                            "all_settings.1429395430.namespace": "aws:ec2:vpc",
                            "all_settings.1429395430.resource": "",
                            "all_settings.1429395430.value": "false",
                            "all_settings.1486045343.name": "UnhealthyThresholdCount",
                            "all_settings.1486045343.namespace": "aws:elasticbeanstalk:environment:process:default",
                            "all_settings.1486045343.resource": "",
                            "all_settings.1486045343.value": "5",
                            "all_settings.1487137936.name": "IgnoreHealthCheck",
                            "all_settings.1487137936.namespace": "aws:elasticbeanstalk:command",
                            "all_settings.1487137936.resource": "",
                            "all_settings.1487137936.value": "false",
                            "all_settings.1489044155.name": "DeregistrationDelay",
                            "all_settings.1489044155.namespace": "aws:elasticbeanstalk:environment:process:default",
                            "all_settings.1489044155.resource": "",
                            "all_settings.1489044155.value": "20",
                            "all_settings.1528870497.name": "InstanceType",
                            "all_settings.1528870497.namespace": "aws:autoscaling:launchconfiguration",
                            "all_settings.1528870497.resource": "",
                            "all_settings.1528870497.value": "c3.large",
                            "all_settings.1584820072.name": "Custom Availability Zones",
                            "all_settings.1584820072.namespace": "aws:autoscaling:asg",
                            "all_settings.1584820072.resource": "",
                            "all_settings.1584820072.value": "",
                            "all_settings.1753983171.name": "Port",
                            "all_settings.1753983171.namespace": "aws:elasticbeanstalk:environment:process:default",
                            "all_settings.1753983171.resource": "",
                            "all_settings.1753983171.value": "80",
                            "all_settings.1756907178.name": "AWS_ENVIRONMENT",
                            "all_settings.1756907178.namespace": "aws:elasticbeanstalk:application:environment",
                            "all_settings.1756907178.resource": "",
                            "all_settings.1756907178.value": "Production",
                            "all_settings.1824390401.name": "Notification Topic ARN",
                            "all_settings.1824390401.namespace": "aws:elasticbeanstalk:sns:topics",
                            "all_settings.1824390401.resource": "",
                            "all_settings.1824390401.value": "",
                            "all_settings.1839941942.name": "BlockDeviceMappings",
                            "all_settings.1839941942.namespace": "aws:autoscaling:launchconfiguration",
                            "all_settings.1839941942.resource": "",
                            "all_settings.1839941942.value": "",
                            "all_settings.1853127076.name": "Notification Endpoint",
                            "all_settings.1853127076.namespace": "aws:elasticbeanstalk:sns:topics",
                            "all_settings.1853127076.resource": "",
                            "all_settings.1853127076.value": "",
                            "all_settings.1949446425.name": "allow_url_fopen",
                            "all_settings.1949446425.namespace": "aws:elasticbeanstalk:container:php:phpini",
                            "all_settings.1949446425.resource": "",
                            "all_settings.1949446425.value": "On",
                            "all_settings.1989481466.name": "AppSource",
                            "all_settings.1989481466.namespace": "aws:cloudformation:template:parameter",
                            "all_settings.1989481466.resource": "",
                            "all_settings.1989481466.value": "http://s3.amazonaws.com/elasticbeanstalk-samples-us-east-1/php-newsample-app.zip",
                            "all_settings.1992176960.name": "UpperThreshold",
                            "all_settings.1992176960.namespace": "aws:autoscaling:trigger",
                            "all_settings.1992176960.resource": "",
                            "all_settings.1992176960.value": "70",
                            "all_settings.2025896754.name": "Subnets",
                            "all_settings.2025896754.namespace": "aws:ec2:vpc",
                            "all_settings.2025896754.resource": "",
                            "all_settings.2025896754.value": "subnet-00b55d1f79b06666d,subnet-0333601377070e293",
                            "all_settings.2128368294.name": "max_execution_time",
                            "all_settings.2128368294.namespace": "aws:elasticbeanstalk:container:php:phpini",
                            "all_settings.2128368294.resource": "",
                            "all_settings.2128368294.value": "60",
                            "all_settings.2207777926.name": "StreamLogs",
                            "all_settings.2207777926.namespace": "aws:elasticbeanstalk:cloudwatch:logs",
                            "all_settings.2207777926.resource": "",
                            "all_settings.2207777926.value": "false",
                            "all_settings.2210680385.name": "LaunchType",
                            "all_settings.2210680385.namespace": "aws:elasticbeanstalk:control",
                            "all_settings.2210680385.resource": "",
                            "all_settings.2210680385.value": "Migration",
                            "all_settings.2262995125.name": "Availability Zones",
                            "all_settings.2262995125.namespace": "aws:autoscaling:asg",
                            "all_settings.2262995125.resource": "",
                            "all_settings.2262995125.value": "Any 2",
                            "all_settings.2293968963.name": "composer_options",
                            "all_settings.2293968963.namespace": "aws:elasticbeanstalk:container:php:phpini",
                            "all_settings.2293968963.resource": "",
                            "all_settings.2293968963.value": "",
                            "all_settings.2378924418.name": "PreferredStartTime",
                            "all_settings.2378924418.namespace": "aws:elasticbeanstalk:managedactions",
                            "all_settings.2378924418.resource": "",
                            "all_settings.2378924418.value": "",
                            "all_settings.2396587397.name": "MinSize",
                            "all_settings.2396587397.namespace": "aws:autoscaling:asg",
                            "all_settings.2396587397.resource": "",
                            "all_settings.2396587397.value": "1",
                            "all_settings.2402433859.name": "Period",
                            "all_settings.2402433859.namespace": "aws:autoscaling:trigger",
                            "all_settings.2402433859.resource": "",
                            "all_settings.2402433859.value": "5",
                            "all_settings.240742627.name": "UpperBreachScaleIncrement",
                            "all_settings.240742627.namespace": "aws:autoscaling:trigger",
                            "all_settings.240742627.resource": "",
                            "all_settings.240742627.value": "1",
                            "all_settings.2436131110.name": "display_errors",
                            "all_settings.2436131110.namespace": "aws:elasticbeanstalk:container:php:phpini",
                            "all_settings.2436131110.resource": "",
                            "all_settings.2436131110.value": "Off",
                            "all_settings.2452897580.name": "ListenerEnabled",
                            "all_settings.2452897580.namespace": "aws:elbv2:listener:default",
                            "all_settings.2452897580.resource": "",
                            "all_settings.2452897580.value": "true",
                            "all_settings.2492456712.name": "LogPublicationControl",
                            "all_settings.2492456712.namespace": "aws:elasticbeanstalk:hostmanager",
                            "all_settings.2492456712.resource": "",
                            "all_settings.2492456712.value": "false",
                            "all_settings.2521334252.name": "InstanceRefreshEnabled",
                            "all_settings.2521334252.namespace": "aws:elasticbeanstalk:managedactions:platformupdate",
                            "all_settings.2521334252.resource": "",
                            "all_settings.2521334252.value": "false",
                            "all_settings.2549726042.name": "LowerThreshold",
                            "all_settings.2549726042.namespace": "aws:autoscaling:trigger",
                            "all_settings.2549726042.resource": "",
                            "all_settings.2549726042.value": "30",
                            "all_settings.2558821935.name": "PauseTime",
                            "all_settings.2558821935.namespace": "aws:autoscaling:updatepolicy:rollingupdate",
                            "all_settings.2558821935.resource": "",
                            "all_settings.2558821935.value": "",
                            "all_settings.2562018288.name": "Protocol",
                            "all_settings.2562018288.namespace": "aws:elbv2:listener:default",
                            "all_settings.2562018288.resource": "",
                            "all_settings.2562018288.value": "HTTP",
                            "all_settings.2578083670.name": "InstancePort",
                            "all_settings.2578083670.namespace": "aws:cloudformation:template:parameter",
                            "all_settings.2578083670.resource": "",
                            "all_settings.2578083670.value": "80",
                            "all_settings.2604856004.name": "HooksPkgUrl",
                            "all_settings.2604856004.namespace": "aws:cloudformation:template:parameter",
                            "all_settings.2604856004.resource": "",
                            "all_settings.2604856004.value": "https://s3.dualstack.us-east-1.amazonaws.com/elasticbeanstalk-env-resources-us-east-1/stalks/eb_php_4.0.1.200004.0/lib/assets.tar.gz",
                            "all_settings.2721207301.name": "ELBSubnets",
                            "all_settings.2721207301.namespace": "aws:ec2:vpc",
                            "all_settings.2721207301.resource": "",
                            "all_settings.2721207301.value": " subnet-00b55d1f79b06666d,subnet-0333601377070e293",
                            "all_settings.2740395520.name": "Unit",
                            "all_settings.2740395520.namespace": "aws:autoscaling:trigger",
                            "all_settings.2740395520.resource": "",
                            "all_settings.2740395520.value": "Percent",
                            "all_settings.2765538041.name": "VPCId",
                            "all_settings.2765538041.namespace": "aws:ec2:vpc",
                            "all_settings.2765538041.resource": "",
                            "all_settings.2765538041.value": "vpc-0206d1b25f84d7160",
                            "all_settings.2824564098.name": "RollingUpdateType",
                            "all_settings.2824564098.namespace": "aws:autoscaling:updatepolicy:rollingupdate",
                            "all_settings.2824564098.resource": "",
                            "all_settings.2824564098.value": "Time",
                            "all_settings.28260639.name": "Application Healthcheck URL",
                            "all_settings.28260639.namespace": "aws:elasticbeanstalk:application",
                            "all_settings.28260639.resource": "",
                            "all_settings.28260639.value": "",
                            "all_settings.2929485696.name": "EnvironmentType",
                            "all_settings.2929485696.namespace": "aws:elasticbeanstalk:environment",
                            "all_settings.2929485696.resource": "",
                            "all_settings.2929485696.value": "LoadBalanced",
                            "all_settings.3015342560.name": "AccessLogsS3Enabled",
                            "all_settings.3015342560.namespace": "aws:elbv2:loadbalancer",
                            "all_settings.3015342560.resource": "",
                            "all_settings.3015342560.value": "false",
                            "all_settings.3028455964.name": "zlib.output_compression",
                            "all_settings.3028455964.namespace": "aws:elasticbeanstalk:container:php:phpini",
                            "all_settings.3028455964.resource": "",
                            "all_settings.3028455964.value": "Off",
                            "all_settings.3145030458.name": "Rules",
                            "all_settings.3145030458.namespace": "aws:elbv2:listener:default",
                            "all_settings.3145030458.resource": "",
                            "all_settings.3145030458.value": "",
                            "all_settings.3152718484.name": "StickinessLBCookieDuration",
                            "all_settings.3152718484.namespace": "aws:elasticbeanstalk:environment:process:default",
                            "all_settings.3152718484.resource": "",
                            "all_settings.3152718484.value": "86400",
                            "all_settings.3233467645.name": "SSLCertificateArns",
                            "all_settings.3233467645.namespace": "aws:elbv2:listener:default",
                            "all_settings.3233467645.resource": "",
                            "all_settings.3233467645.value": "",
                            "all_settings.3243179558.name": "ExternalExtensionsS3Key",
                            "all_settings.3243179558.namespace": "aws:elasticbeanstalk:environment",
                            "all_settings.3243179558.resource": "",
                            "all_settings.3243179558.value": "",
                            "all_settings.3263411188.name": "RootVolumeIOPS",
                            "all_settings.3263411188.namespace": "aws:autoscaling:launchconfiguration",
                            "all_settings.3263411188.resource": "",
                            "all_settings.3263411188.value": "",
                            "all_settings.3334874421.name": "RollingUpdateEnabled",
                            "all_settings.3334874421.namespace": "aws:autoscaling:updatepolicy:rollingupdate",
                            "all_settings.3334874421.resource": "",
                            "all_settings.3334874421.value": "false",
                            "all_settings.3341012745.name": "MeasureName",
                            "all_settings.3341012745.namespace": "aws:autoscaling:trigger",
                            "all_settings.3341012745.resource": "",
                            "all_settings.3341012745.value": "CPUUtilization",
                            "all_settings.3347481749.name": "AccessLogsS3Prefix",
                            "all_settings.3347481749.namespace": "aws:elbv2:loadbalancer",
                            "all_settings.3347481749.resource": "",
                            "all_settings.3347481749.value": "",
                            "all_settings.3354438189.name": "Timeout",
                            "all_settings.3354438189.namespace": "aws:autoscaling:updatepolicy:rollingupdate",
                            "all_settings.3354438189.resource": "",
                            "all_settings.3354438189.value": "PT30M",
                            "all_settings.3396910454.name": "HealthCheckSuccessThreshold",
                            "all_settings.3396910454.namespace": "aws:elasticbeanstalk:healthreporting:system",
                            "all_settings.3396910454.resource": "",
                            "all_settings.3396910454.value": "Ok",
                            "all_settings.3402994671.name": "Statistic",
                            "all_settings.3402994671.namespace": "aws:autoscaling:trigger",
                            "all_settings.3402994671.resource": "",
                            "all_settings.3402994671.value": "Average",
                            "all_settings.3405464736.name": "Protocol",
                            "all_settings.3405464736.namespace": "aws:elasticbeanstalk:environment:process:default",
                            "all_settings.3405464736.resource": "",
                            "all_settings.3405464736.value": "HTTP",
                            "all_settings.3411147438.name": "ImageId",
                            "all_settings.3411147438.namespace": "aws:autoscaling:launchconfiguration",
                            "all_settings.3411147438.resource": "",
                            "all_settings.3411147438.value": "ami-bd8f69c0",
                            "all_settings.3438018982.name": "MonitoringInterval",
                            "all_settings.3438018982.namespace": "aws:autoscaling:launchconfiguration",
                            "all_settings.3438018982.resource": "",
                            "all_settings.3438018982.value": "5 minute",
                            "all_settings.3450082806.name": "DeleteOnTerminate",
                            "all_settings.3450082806.namespace": "aws:elasticbeanstalk:cloudwatch:logs",
                            "all_settings.3450082806.resource": "",
                            "all_settings.3450082806.value": "false",
                            "all_settings.3511459446.name": "RootVolumeSize",
                            "all_settings.3511459446.namespace": "aws:autoscaling:launchconfiguration",
                            "all_settings.3511459446.resource": "",
                            "all_settings.3511459446.value": "",
                            "all_settings.3521091773.name": "InstanceTypeFamily",
                            "all_settings.3521091773.namespace": "aws:cloudformation:template:parameter",
                            "all_settings.3521091773.resource": "",
                            "all_settings.3521091773.value": "c3",
                            "all_settings.3521293720.name": "ServiceRole",
                            "all_settings.3521293720.namespace": "aws:elasticbeanstalk:environment",
                            "all_settings.3521293720.resource": "",
                            "all_settings.3521293720.value": "AWSServiceRoleForElasticBeanstalk",
                            "all_settings.3528519090.name": "MatcherHTTPCode",
                            "all_settings.3528519090.namespace": "aws:elasticbeanstalk:environment:process:default",
                            "all_settings.3528519090.resource": "",
                            "all_settings.3528519090.value": "",
                            "all_settings.3578234322.name": "SystemType",
                            "all_settings.3578234322.namespace": "aws:elasticbeanstalk:healthreporting:system",
                            "all_settings.3578234322.resource": "",
                            "all_settings.3578234322.value": "basic",
                            "all_settings.3584475532.name": "Notification Topic Name",
                            "all_settings.3584475532.namespace": "aws:elasticbeanstalk:sns:topics",
                            "all_settings.3584475532.resource": "",
                            "all_settings.3584475532.value": "",
                            "all_settings.3603622424.name": "ManagedActionsEnabled",
                            "all_settings.3603622424.namespace": "aws:elasticbeanstalk:managedactions",
                            "all_settings.3603622424.resource": "",
                            "all_settings.3603622424.value": "false",
                            "all_settings.3612309826.name": "document_root",
                            "all_settings.3612309826.namespace": "aws:elasticbeanstalk:container:php:phpini",
                            "all_settings.3612309826.resource": "",
                            "all_settings.3612309826.value": "",
                            "all_settings.3615478791.name": "MaxBatchSize",
                            "all_settings.3615478791.namespace": "aws:autoscaling:updatepolicy:rollingupdate",
                            "all_settings.3615478791.resource": "",
                            "all_settings.3615478791.value": "",
                            "all_settings.3615826456.name": "ExternalExtensionsS3Bucket",
                            "all_settings.3615826456.namespace": "aws:elasticbeanstalk:environment",
                            "all_settings.3615826456.resource": "",
                            "all_settings.3615826456.value": "",
                            "all_settings.3636142198.name": "HealthyThresholdCount",
                            "all_settings.3636142198.namespace": "aws:elasticbeanstalk:environment:process:default",
                            "all_settings.3636142198.resource": "",
                            "all_settings.3636142198.value": "3",
                            "all_settings.3648591417.name": "Cooldown",
                            "all_settings.3648591417.namespace": "aws:autoscaling:asg",
                            "all_settings.3648591417.resource": "",
                            "all_settings.3648591417.value": "360",
                            "all_settings.3665611509.name": "SecurityGroups",
                            "all_settings.3665611509.namespace": "aws:autoscaling:launchconfiguration",
                            "all_settings.3665611509.resource": "",
                            "all_settings.3665611509.value": "",
                            "all_settings.3681839360.name": "HealthCheckInterval",
                            "all_settings.3681839360.namespace": "aws:elasticbeanstalk:environment:process:default",
                            "all_settings.3681839360.resource": "",
                            "all_settings.3681839360.value": "15",
                            "all_settings.3705073300.name": "Notification Protocol",
                            "all_settings.3705073300.namespace": "aws:elasticbeanstalk:sns:topics",
                            "all_settings.3705073300.resource": "",
                            "all_settings.3705073300.value": "email",
                            "all_settings.3708017666.name": "LowerBreachScaleIncrement",
                            "all_settings.3708017666.namespace": "aws:autoscaling:trigger",
                            "all_settings.3708017666.resource": "",
                            "all_settings.3708017666.value": "-1",
                            "all_settings.3739434161.name": "IamInstanceProfile",
                            "all_settings.3739434161.namespace": "aws:autoscaling:launchconfiguration",
                            "all_settings.3739434161.resource": "",
                            "all_settings.3739434161.value": "",
                            "all_settings.3741351212.name": "IdleTimeout",
                            "all_settings.3741351212.namespace": "aws:elbv2:loadbalancer",
                            "all_settings.3741351212.resource": "",
                            "all_settings.3741351212.value": "",
                            "all_settings.3768277227.name": "ConfigDocument",
                            "all_settings.3768277227.namespace": "aws:elasticbeanstalk:healthreporting:system",
                            "all_settings.3768277227.resource": "",
                            "all_settings.3768277227.value": "{\"Version\":1,\"CloudWatchMetrics\":{\"Instance\":{\"CPUIrq\":null,\"LoadAverage5min\":null,\"ApplicationRequests5xx\":null,\"ApplicationRequests4xx\":null,\"CPUUser\":null,\"LoadAverage1min\":null,\"ApplicationLatencyP50\":null,\"CPUIdle\":null,\"InstanceHealth\":null,\"ApplicationLatencyP95\":null,\"ApplicationLatencyP85\":null,\"RootFilesystemUtil\":null,\"ApplicationLatencyP90\":null,\"CPUSystem\":null,\"ApplicationLatencyP75\":null,\"CPUSoftirq\":null,\"ApplicationLatencyP10\":null,\"ApplicationLatencyP99\":null,\"ApplicationRequestsTotal\":null,\"ApplicationLatencyP99.9\":null,\"ApplicationRequests3xx\":null,\"ApplicationRequests2xx\":null,\"CPUIowait\":null,\"CPUNice\":null},\"Environment\":{\"InstancesSevere\":null,\"InstancesDegraded\":null,\"ApplicationRequests5xx\":null,\"ApplicationRequests4xx\":null,\"ApplicationLatencyP50\":null,\"ApplicationLatencyP95\":null,\"ApplicationLatencyP85\":null,\"InstancesUnknown\":null,\"ApplicationLatencyP90\":null,\"InstancesInfo\":null,\"InstancesPending\":null,\"ApplicationLatencyP75\":null,\"ApplicationLatencyP10\":null,\"ApplicationLatencyP99\":null,\"ApplicationRequestsTotal\":null,\"InstancesNoData\":null,\"ApplicationLatencyP99.9\":null,\"ApplicationRequests3xx\":null,\"ApplicationRequests2xx\":null,\"InstancesOk\":null,\"InstancesWarning\":null}}}",
                            "all_settings.378142286.name": "SSLPolicy",
                            "all_settings.378142286.namespace": "aws:elbv2:listener:default",
                            "all_settings.378142286.resource": "",
                            "all_settings.378142286.value": "",
                            "all_settings.3892308011.name": "HealthCheckTimeout",
                            "all_settings.3892308011.namespace": "aws:elasticbeanstalk:environment:process:default",
                            "all_settings.3892308011.resource": "",
                            "all_settings.3892308011.value": "5",
                            "all_settings.3929976136.name": "BatchSize",
                            "all_settings.3929976136.namespace": "aws:elasticbeanstalk:command",
                            "all_settings.3929976136.resource": "",
                            "all_settings.3929976136.value": "100",
                            "all_settings.395364208.name": "DefaultProcess",
                            "all_settings.395364208.namespace": "aws:elbv2:listener:default",
                            "all_settings.395364208.resource": "",
                            "all_settings.395364208.value": "default",
                            "all_settings.3981805791.name": "Automatically Terminate Unhealthy Instances",
                            "all_settings.3981805791.namespace": "aws:elasticbeanstalk:monitoring",
                            "all_settings.3981805791.resource": "",
                            "all_settings.3981805791.value": "true",
                            "all_settings.4010736724.name": "EC2KeyName",
                            "all_settings.4010736724.namespace": "aws:autoscaling:launchconfiguration",
                            "all_settings.4010736724.resource": "",
                            "all_settings.4010736724.value": "",
                            "all_settings.4023713939.name": "EnvironmentVariables",
                            "all_settings.4023713939.namespace": "aws:cloudformation:template:parameter",
                            "all_settings.4023713939.resource": "",
                            "all_settings.4023713939.value": "AWS_ENVIRONMENT=Production",
                            "all_settings.4064781023.name": "AccessLogsS3Bucket",
                            "all_settings.4064781023.namespace": "aws:elbv2:loadbalancer",
                            "all_settings.4064781023.resource": "",
                            "all_settings.4064781023.value": "",
                            "all_settings.4100247781.name": "BreachDuration",
                            "all_settings.4100247781.namespace": "aws:autoscaling:trigger",
                            "all_settings.4100247781.resource": "",
                            "all_settings.4100247781.value": "5",
                            "all_settings.4136940953.name": "UpdateLevel",
                            "all_settings.4136940953.namespace": "aws:elasticbeanstalk:managedactions:platformupdate",
                            "all_settings.4136940953.resource": "",
                            "all_settings.4136940953.value": "",
                            "all_settings.4167503353.name": "LaunchTimeout",
                            "all_settings.4167503353.namespace": "aws:elasticbeanstalk:control",
                            "all_settings.4167503353.resource": "",
                            "all_settings.4167503353.value": "0",
                            "all_settings.4278593597.name": "LoadBalancerType",
                            "all_settings.4278593597.namespace": "aws:elasticbeanstalk:environment",
                            "all_settings.4278593597.resource": "",
                            "all_settings.4278593597.value": "application",
                            "all_settings.433110370.name": "DefaultSSHPort",
                            "all_settings.433110370.namespace": "aws:elasticbeanstalk:control",
                            "all_settings.433110370.resource": "",
                            "all_settings.433110370.value": "22",
                            "all_settings.502734328.name": "SSHSourceRestriction",
                            "all_settings.502734328.namespace": "aws:autoscaling:launchconfiguration",
                            "all_settings.502734328.resource": "",
                            "all_settings.502734328.value": "tcp,22,22,0.0.0.0/0",
                            "all_settings.540077731.name": "StickinessType",
                            "all_settings.540077731.namespace": "aws:elasticbeanstalk:environment:process:default",
                            "all_settings.540077731.resource": "",
                            "all_settings.540077731.value": "lb_cookie",
                            "all_settings.614420664.name": "SecurityGroups",
                            "all_settings.614420664.namespace": "aws:elbv2:loadbalancer",
                            "all_settings.614420664.resource": "",
                            "all_settings.614420664.value": "",
                            "all_settings.693650251.name": "MaxSize",
                            "all_settings.693650251.namespace": "aws:autoscaling:asg",
                            "all_settings.693650251.resource": "",
                            "all_settings.693650251.value": "4",
                            "all_settings.747815089.name": "BatchSizeType",
                            "all_settings.747815089.namespace": "aws:elasticbeanstalk:command",
                            "all_settings.747815089.resource": "",
                            "all_settings.747815089.value": "Percentage",
                            "all_settings.837442677.name": "StickinessEnabled",
                            "all_settings.837442677.namespace": "aws:elasticbeanstalk:environment:process:default",
                            "all_settings.837442677.resource": "",
                            "all_settings.837442677.value": "false",
                            "all_settings.881749867.name": "Timeout",
                            "all_settings.881749867.namespace": "aws:elasticbeanstalk:command",
                            "all_settings.881749867.resource": "",
                            "all_settings.881749867.value": "600",
                            "all_settings.901683622.name": "HealthCheckPath",
                            "all_settings.901683622.namespace": "aws:elasticbeanstalk:environment:process:default",
                            "all_settings.901683622.resource": "",
                            "all_settings.901683622.value": "/",
                            "all_settings.934067176.name": "RetentionInDays",
                            "all_settings.934067176.namespace": "aws:elasticbeanstalk:cloudwatch:logs",
                            "all_settings.934067176.resource": "",
                            "all_settings.934067176.value": "7",
                            "all_settings.940069638.name": "RollbackLaunchOnFailure",
                            "all_settings.940069638.namespace": "aws:elasticbeanstalk:control",
                            "all_settings.940069638.resource": "",
                            "all_settings.940069638.value": "false",
                            "application": "Live-Applications",
                            "autoscaling_groups.#": "1",
                            "autoscaling_groups.0": "awseb-e-hdxr2f4uxk-stack-AWSEBAutoScalingGroup-E2HM68UGQCN9",
                            "cname": "live-apps.gfajpjr2xh.us-east-1.elasticbeanstalk.com",
                            "cname_prefix": "",
                            "description": "",
                            "id": "e-hdxr2f4uxk",
                            "instances.#": "1",
                            "instances.0": "i-0f1fdab989a644a59",
                            "launch_configurations.#": "1",
                            "launch_configurations.0": "awseb-e-hdxr2f4uxk-stack-AWSEBAutoScalingLaunchConfiguration-O7M8ZXNIM9CP",
                            "load_balancers.#": "1",
                            "load_balancers.0": "arn:aws:elasticloadbalancing:us-east-1:780973821995:loadbalancer/app/awseb-AWSEB-HQEGARHZDGWM/e2585143deec81e7",
                            "name": "live-apps",
                            "queues.#": "0",
                            "setting.#": "16",
                            "setting.1528870497.name": "InstanceType",
                            "setting.1528870497.namespace": "aws:autoscaling:launchconfiguration",
                            "setting.1528870497.resource": "",
                            "setting.1528870497.value": "c3.large",
                            "setting.1756907178.name": "AWS_ENVIRONMENT",
                            "setting.1756907178.namespace": "aws:elasticbeanstalk:application:environment",
                            "setting.1756907178.resource": "",
                            "setting.1756907178.value": "Production",
                            "setting.1992176960.name": "UpperThreshold",
                            "setting.1992176960.namespace": "aws:autoscaling:trigger",
                            "setting.1992176960.resource": "",
                            "setting.1992176960.value": "70",
                            "setting.2025896754.name": "Subnets",
                            "setting.2025896754.namespace": "aws:ec2:vpc",
                            "setting.2025896754.resource": "",
                            "setting.2025896754.value": "subnet-00b55d1f79b06666d,subnet-0333601377070e293",
                            "setting.2262995125.name": "Availability Zones",
                            "setting.2262995125.namespace": "aws:autoscaling:asg",
                            "setting.2262995125.resource": "",
                            "setting.2262995125.value": "Any 2",
                            "setting.2396587397.name": "MinSize",
                            "setting.2396587397.namespace": "aws:autoscaling:asg",
                            "setting.2396587397.resource": "",
                            "setting.2396587397.value": "1",
                            "setting.240742627.name": "UpperBreachScaleIncrement",
                            "setting.240742627.namespace": "aws:autoscaling:trigger",
                            "setting.240742627.resource": "",
                            "setting.240742627.value": "1",
                            "setting.2549726042.name": "LowerThreshold",
                            "setting.2549726042.namespace": "aws:autoscaling:trigger",
                            "setting.2549726042.resource": "",
                            "setting.2549726042.value": "30",
                            "setting.2721207301.name": "ELBSubnets",
                            "setting.2721207301.namespace": "aws:ec2:vpc",
                            "setting.2721207301.resource": "",
                            "setting.2721207301.value": " subnet-00b55d1f79b06666d,subnet-0333601377070e293",
                            "setting.2740395520.name": "Unit",
                            "setting.2740395520.namespace": "aws:autoscaling:trigger",
                            "setting.2740395520.resource": "",
                            "setting.2740395520.value": "Percent",
                            "setting.2765538041.name": "VPCId",
                            "setting.2765538041.namespace": "aws:ec2:vpc",
                            "setting.2765538041.resource": "",
                            "setting.2765538041.value": "vpc-0206d1b25f84d7160",
                            "setting.2929485696.name": "EnvironmentType",
                            "setting.2929485696.namespace": "aws:elasticbeanstalk:environment",
                            "setting.2929485696.resource": "",
                            "setting.2929485696.value": "LoadBalanced",
                            "setting.3341012745.name": "MeasureName",
                            "setting.3341012745.namespace": "aws:autoscaling:trigger",
                            "setting.3341012745.resource": "",
                            "setting.3341012745.value": "CPUUtilization",
                            "setting.3708017666.name": "LowerBreachScaleIncrement",
                            "setting.3708017666.namespace": "aws:autoscaling:trigger",
                            "setting.3708017666.resource": "",
                            "setting.3708017666.value": "-1",
                            "setting.4278593597.name": "LoadBalancerType",
                            "setting.4278593597.namespace": "aws:elasticbeanstalk:environment",
                            "setting.4278593597.resource": "",
                            "setting.4278593597.value": "application",
                            "setting.693650251.name": "MaxSize",
                            "setting.693650251.namespace": "aws:autoscaling:asg",
                            "setting.693650251.resource": "",
                            "setting.693650251.value": "4",
                            "solution_stack_name": "64bit Amazon Linux 2017.09 v2.6.5 running PHP 7.1",
                            "tier": "WebServer",
                            "triggers.#": "0",
                            "version_label": "",
                            "wait_for_ready_timeout": "20m"
                        },
                        "meta": {
                            "schema_version": "1"
                        },
                        "tainted": false
                    },
                    "deposed": [],
                    "provider": "provider.aws"
                },
                "aws_elastic_beanstalk_environment.live-sites": {
                    "type": "aws_elastic_beanstalk_environment",
                    "depends_on": [
                        "aws_elastic_beanstalk_application.live-applications",
                        "aws_subnet.public1",
                        "aws_subnet.public2",
                        "aws_vpc.vpc"
                    ],
                    "primary": {
                        "id": "e-m2tfb77jui",
                        "attributes": {
                            "all_settings.#": "103",
                            "all_settings.1036703857.name": "EvaluationPeriods",
                            "all_settings.1036703857.namespace": "aws:autoscaling:trigger",
                            "all_settings.1036703857.resource": "",
                            "all_settings.1036703857.value": "1",
                            "all_settings.1055035439.name": "RootVolumeType",
                            "all_settings.1055035439.namespace": "aws:autoscaling:launchconfiguration",
                            "all_settings.1055035439.resource": "",
                            "all_settings.1055035439.value": "",
                            "all_settings.1139450884.name": "memory_limit",
                            "all_settings.1139450884.namespace": "aws:elasticbeanstalk:container:php:phpini",
                            "all_settings.1139450884.resource": "",
                            "all_settings.1139450884.value": "256M",
                            "all_settings.1312309504.name": "MinInstancesInService",
                            "all_settings.1312309504.namespace": "aws:autoscaling:updatepolicy:rollingupdate",
                            "all_settings.1312309504.resource": "",
                            "all_settings.1312309504.value": "",
                            "all_settings.1384328253.name": "ELBScheme",
                            "all_settings.1384328253.namespace": "aws:ec2:vpc",
                            "all_settings.1384328253.resource": "",
                            "all_settings.1384328253.value": "public",
                            "all_settings.1429395430.name": "AssociatePublicIpAddress",
                            "all_settings.1429395430.namespace": "aws:ec2:vpc",
                            "all_settings.1429395430.resource": "",
                            "all_settings.1429395430.value": "false",
                            "all_settings.1486045343.name": "UnhealthyThresholdCount",
                            "all_settings.1486045343.namespace": "aws:elasticbeanstalk:environment:process:default",
                            "all_settings.1486045343.resource": "",
                            "all_settings.1486045343.value": "5",
                            "all_settings.1487137936.name": "IgnoreHealthCheck",
                            "all_settings.1487137936.namespace": "aws:elasticbeanstalk:command",
                            "all_settings.1487137936.resource": "",
                            "all_settings.1487137936.value": "false",
                            "all_settings.1489044155.name": "DeregistrationDelay",
                            "all_settings.1489044155.namespace": "aws:elasticbeanstalk:environment:process:default",
                            "all_settings.1489044155.resource": "",
                            "all_settings.1489044155.value": "20",
                            "all_settings.1528870497.name": "InstanceType",
                            "all_settings.1528870497.namespace": "aws:autoscaling:launchconfiguration",
                            "all_settings.1528870497.resource": "",
                            "all_settings.1528870497.value": "c3.large",
                            "all_settings.1584820072.name": "Custom Availability Zones",
                            "all_settings.1584820072.namespace": "aws:autoscaling:asg",
                            "all_settings.1584820072.resource": "",
                            "all_settings.1584820072.value": "",
                            "all_settings.1753983171.name": "Port",
                            "all_settings.1753983171.namespace": "aws:elasticbeanstalk:environment:process:default",
                            "all_settings.1753983171.resource": "",
                            "all_settings.1753983171.value": "80",
                            "all_settings.1756907178.name": "AWS_ENVIRONMENT",
                            "all_settings.1756907178.namespace": "aws:elasticbeanstalk:application:environment",
                            "all_settings.1756907178.resource": "",
                            "all_settings.1756907178.value": "Production",
                            "all_settings.1824390401.name": "Notification Topic ARN",
                            "all_settings.1824390401.namespace": "aws:elasticbeanstalk:sns:topics",
                            "all_settings.1824390401.resource": "",
                            "all_settings.1824390401.value": "",
                            "all_settings.1839941942.name": "BlockDeviceMappings",
                            "all_settings.1839941942.namespace": "aws:autoscaling:launchconfiguration",
                            "all_settings.1839941942.resource": "",
                            "all_settings.1839941942.value": "",
                            "all_settings.1853127076.name": "Notification Endpoint",
                            "all_settings.1853127076.namespace": "aws:elasticbeanstalk:sns:topics",
                            "all_settings.1853127076.resource": "",
                            "all_settings.1853127076.value": "",
                            "all_settings.1949446425.name": "allow_url_fopen",
                            "all_settings.1949446425.namespace": "aws:elasticbeanstalk:container:php:phpini",
                            "all_settings.1949446425.resource": "",
                            "all_settings.1949446425.value": "On",
                            "all_settings.1989481466.name": "AppSource",
                            "all_settings.1989481466.namespace": "aws:cloudformation:template:parameter",
                            "all_settings.1989481466.resource": "",
                            "all_settings.1989481466.value": "http://s3.amazonaws.com/elasticbeanstalk-samples-us-east-1/php-newsample-app.zip",
                            "all_settings.1992176960.name": "UpperThreshold",
                            "all_settings.1992176960.namespace": "aws:autoscaling:trigger",
                            "all_settings.1992176960.resource": "",
                            "all_settings.1992176960.value": "70",
                            "all_settings.2025896754.name": "Subnets",
                            "all_settings.2025896754.namespace": "aws:ec2:vpc",
                            "all_settings.2025896754.resource": "",
                            "all_settings.2025896754.value": "subnet-00b55d1f79b06666d,subnet-0333601377070e293",
                            "all_settings.2128368294.name": "max_execution_time",
                            "all_settings.2128368294.namespace": "aws:elasticbeanstalk:container:php:phpini",
                            "all_settings.2128368294.resource": "",
                            "all_settings.2128368294.value": "60",
                            "all_settings.2207777926.name": "StreamLogs",
                            "all_settings.2207777926.namespace": "aws:elasticbeanstalk:cloudwatch:logs",
                            "all_settings.2207777926.resource": "",
                            "all_settings.2207777926.value": "false",
                            "all_settings.2210680385.name": "LaunchType",
                            "all_settings.2210680385.namespace": "aws:elasticbeanstalk:control",
                            "all_settings.2210680385.resource": "",
                            "all_settings.2210680385.value": "Migration",
                            "all_settings.2262995125.name": "Availability Zones",
                            "all_settings.2262995125.namespace": "aws:autoscaling:asg",
                            "all_settings.2262995125.resource": "",
                            "all_settings.2262995125.value": "Any 2",
                            "all_settings.2293968963.name": "composer_options",
                            "all_settings.2293968963.namespace": "aws:elasticbeanstalk:container:php:phpini",
                            "all_settings.2293968963.resource": "",
                            "all_settings.2293968963.value": "",
                            "all_settings.2378924418.name": "PreferredStartTime",
                            "all_settings.2378924418.namespace": "aws:elasticbeanstalk:managedactions",
                            "all_settings.2378924418.resource": "",
                            "all_settings.2378924418.value": "",
                            "all_settings.2396587397.name": "MinSize",
                            "all_settings.2396587397.namespace": "aws:autoscaling:asg",
                            "all_settings.2396587397.resource": "",
                            "all_settings.2396587397.value": "1",
                            "all_settings.2402433859.name": "Period",
                            "all_settings.2402433859.namespace": "aws:autoscaling:trigger",
                            "all_settings.2402433859.resource": "",
                            "all_settings.2402433859.value": "5",
                            "all_settings.240742627.name": "UpperBreachScaleIncrement",
                            "all_settings.240742627.namespace": "aws:autoscaling:trigger",
                            "all_settings.240742627.resource": "",
                            "all_settings.240742627.value": "1",
                            "all_settings.2436131110.name": "display_errors",
                            "all_settings.2436131110.namespace": "aws:elasticbeanstalk:container:php:phpini",
                            "all_settings.2436131110.resource": "",
                            "all_settings.2436131110.value": "Off",
                            "all_settings.2452897580.name": "ListenerEnabled",
                            "all_settings.2452897580.namespace": "aws:elbv2:listener:default",
                            "all_settings.2452897580.resource": "",
                            "all_settings.2452897580.value": "true",
                            "all_settings.2492456712.name": "LogPublicationControl",
                            "all_settings.2492456712.namespace": "aws:elasticbeanstalk:hostmanager",
                            "all_settings.2492456712.resource": "",
                            "all_settings.2492456712.value": "false",
                            "all_settings.2521334252.name": "InstanceRefreshEnabled",
                            "all_settings.2521334252.namespace": "aws:elasticbeanstalk:managedactions:platformupdate",
                            "all_settings.2521334252.resource": "",
                            "all_settings.2521334252.value": "false",
                            "all_settings.2549726042.name": "LowerThreshold",
                            "all_settings.2549726042.namespace": "aws:autoscaling:trigger",
                            "all_settings.2549726042.resource": "",
                            "all_settings.2549726042.value": "30",
                            "all_settings.2558821935.name": "PauseTime",
                            "all_settings.2558821935.namespace": "aws:autoscaling:updatepolicy:rollingupdate",
                            "all_settings.2558821935.resource": "",
                            "all_settings.2558821935.value": "",
                            "all_settings.2562018288.name": "Protocol",
                            "all_settings.2562018288.namespace": "aws:elbv2:listener:default",
                            "all_settings.2562018288.resource": "",
                            "all_settings.2562018288.value": "HTTP",
                            "all_settings.2578083670.name": "InstancePort",
                            "all_settings.2578083670.namespace": "aws:cloudformation:template:parameter",
                            "all_settings.2578083670.resource": "",
                            "all_settings.2578083670.value": "80",
                            "all_settings.2604856004.name": "HooksPkgUrl",
                            "all_settings.2604856004.namespace": "aws:cloudformation:template:parameter",
                            "all_settings.2604856004.resource": "",
                            "all_settings.2604856004.value": "https://s3.dualstack.us-east-1.amazonaws.com/elasticbeanstalk-env-resources-us-east-1/stalks/eb_php_4.0.1.200004.0/lib/assets.tar.gz",
                            "all_settings.2721207301.name": "ELBSubnets",
                            "all_settings.2721207301.namespace": "aws:ec2:vpc",
                            "all_settings.2721207301.resource": "",
                            "all_settings.2721207301.value": " subnet-00b55d1f79b06666d,subnet-0333601377070e293",
                            "all_settings.2740395520.name": "Unit",
                            "all_settings.2740395520.namespace": "aws:autoscaling:trigger",
                            "all_settings.2740395520.resource": "",
                            "all_settings.2740395520.value": "Percent",
                            "all_settings.2765538041.name": "VPCId",
                            "all_settings.2765538041.namespace": "aws:ec2:vpc",
                            "all_settings.2765538041.resource": "",
                            "all_settings.2765538041.value": "vpc-0206d1b25f84d7160",
                            "all_settings.2824564098.name": "RollingUpdateType",
                            "all_settings.2824564098.namespace": "aws:autoscaling:updatepolicy:rollingupdate",
                            "all_settings.2824564098.resource": "",
                            "all_settings.2824564098.value": "Time",
                            "all_settings.28260639.name": "Application Healthcheck URL",
                            "all_settings.28260639.namespace": "aws:elasticbeanstalk:application",
                            "all_settings.28260639.resource": "",
                            "all_settings.28260639.value": "",
                            "all_settings.2929485696.name": "EnvironmentType",
                            "all_settings.2929485696.namespace": "aws:elasticbeanstalk:environment",
                            "all_settings.2929485696.resource": "",
                            "all_settings.2929485696.value": "LoadBalanced",
                            "all_settings.3015342560.name": "AccessLogsS3Enabled",
                            "all_settings.3015342560.namespace": "aws:elbv2:loadbalancer",
                            "all_settings.3015342560.resource": "",
                            "all_settings.3015342560.value": "false",
                            "all_settings.3028455964.name": "zlib.output_compression",
                            "all_settings.3028455964.namespace": "aws:elasticbeanstalk:container:php:phpini",
                            "all_settings.3028455964.resource": "",
                            "all_settings.3028455964.value": "Off",
                            "all_settings.3145030458.name": "Rules",
                            "all_settings.3145030458.namespace": "aws:elbv2:listener:default",
                            "all_settings.3145030458.resource": "",
                            "all_settings.3145030458.value": "",
                            "all_settings.3152718484.name": "StickinessLBCookieDuration",
                            "all_settings.3152718484.namespace": "aws:elasticbeanstalk:environment:process:default",
                            "all_settings.3152718484.resource": "",
                            "all_settings.3152718484.value": "86400",
                            "all_settings.3233467645.name": "SSLCertificateArns",
                            "all_settings.3233467645.namespace": "aws:elbv2:listener:default",
                            "all_settings.3233467645.resource": "",
                            "all_settings.3233467645.value": "",
                            "all_settings.3243179558.name": "ExternalExtensionsS3Key",
                            "all_settings.3243179558.namespace": "aws:elasticbeanstalk:environment",
                            "all_settings.3243179558.resource": "",
                            "all_settings.3243179558.value": "",
                            "all_settings.3263411188.name": "RootVolumeIOPS",
                            "all_settings.3263411188.namespace": "aws:autoscaling:launchconfiguration",
                            "all_settings.3263411188.resource": "",
                            "all_settings.3263411188.value": "",
                            "all_settings.3334874421.name": "RollingUpdateEnabled",
                            "all_settings.3334874421.namespace": "aws:autoscaling:updatepolicy:rollingupdate",
                            "all_settings.3334874421.resource": "",
                            "all_settings.3334874421.value": "false",
                            "all_settings.3341012745.name": "MeasureName",
                            "all_settings.3341012745.namespace": "aws:autoscaling:trigger",
                            "all_settings.3341012745.resource": "",
                            "all_settings.3341012745.value": "CPUUtilization",
                            "all_settings.3347481749.name": "AccessLogsS3Prefix",
                            "all_settings.3347481749.namespace": "aws:elbv2:loadbalancer",
                            "all_settings.3347481749.resource": "",
                            "all_settings.3347481749.value": "",
                            "all_settings.3354438189.name": "Timeout",
                            "all_settings.3354438189.namespace": "aws:autoscaling:updatepolicy:rollingupdate",
                            "all_settings.3354438189.resource": "",
                            "all_settings.3354438189.value": "PT30M",
                            "all_settings.3396910454.name": "HealthCheckSuccessThreshold",
                            "all_settings.3396910454.namespace": "aws:elasticbeanstalk:healthreporting:system",
                            "all_settings.3396910454.resource": "",
                            "all_settings.3396910454.value": "Ok",
                            "all_settings.3402994671.name": "Statistic",
                            "all_settings.3402994671.namespace": "aws:autoscaling:trigger",
                            "all_settings.3402994671.resource": "",
                            "all_settings.3402994671.value": "Average",
                            "all_settings.3405464736.name": "Protocol",
                            "all_settings.3405464736.namespace": "aws:elasticbeanstalk:environment:process:default",
                            "all_settings.3405464736.resource": "",
                            "all_settings.3405464736.value": "HTTP",
                            "all_settings.3411147438.name": "ImageId",
                            "all_settings.3411147438.namespace": "aws:autoscaling:launchconfiguration",
                            "all_settings.3411147438.resource": "",
                            "all_settings.3411147438.value": "ami-bd8f69c0",
                            "all_settings.3438018982.name": "MonitoringInterval",
                            "all_settings.3438018982.namespace": "aws:autoscaling:launchconfiguration",
                            "all_settings.3438018982.resource": "",
                            "all_settings.3438018982.value": "5 minute",
                            "all_settings.3450082806.name": "DeleteOnTerminate",
                            "all_settings.3450082806.namespace": "aws:elasticbeanstalk:cloudwatch:logs",
                            "all_settings.3450082806.resource": "",
                            "all_settings.3450082806.value": "false",
                            "all_settings.3511459446.name": "RootVolumeSize",
                            "all_settings.3511459446.namespace": "aws:autoscaling:launchconfiguration",
                            "all_settings.3511459446.resource": "",
                            "all_settings.3511459446.value": "",
                            "all_settings.3521091773.name": "InstanceTypeFamily",
                            "all_settings.3521091773.namespace": "aws:cloudformation:template:parameter",
                            "all_settings.3521091773.resource": "",
                            "all_settings.3521091773.value": "c3",
                            "all_settings.3521293720.name": "ServiceRole",
                            "all_settings.3521293720.namespace": "aws:elasticbeanstalk:environment",
                            "all_settings.3521293720.resource": "",
                            "all_settings.3521293720.value": "AWSServiceRoleForElasticBeanstalk",
                            "all_settings.3528519090.name": "MatcherHTTPCode",
                            "all_settings.3528519090.namespace": "aws:elasticbeanstalk:environment:process:default",
                            "all_settings.3528519090.resource": "",
                            "all_settings.3528519090.value": "",
                            "all_settings.3578234322.name": "SystemType",
                            "all_settings.3578234322.namespace": "aws:elasticbeanstalk:healthreporting:system",
                            "all_settings.3578234322.resource": "",
                            "all_settings.3578234322.value": "basic",
                            "all_settings.3584475532.name": "Notification Topic Name",
                            "all_settings.3584475532.namespace": "aws:elasticbeanstalk:sns:topics",
                            "all_settings.3584475532.resource": "",
                            "all_settings.3584475532.value": "",
                            "all_settings.3603622424.name": "ManagedActionsEnabled",
                            "all_settings.3603622424.namespace": "aws:elasticbeanstalk:managedactions",
                            "all_settings.3603622424.resource": "",
                            "all_settings.3603622424.value": "false",
                            "all_settings.3612309826.name": "document_root",
                            "all_settings.3612309826.namespace": "aws:elasticbeanstalk:container:php:phpini",
                            "all_settings.3612309826.resource": "",
                            "all_settings.3612309826.value": "",
                            "all_settings.3615478791.name": "MaxBatchSize",
                            "all_settings.3615478791.namespace": "aws:autoscaling:updatepolicy:rollingupdate",
                            "all_settings.3615478791.resource": "",
                            "all_settings.3615478791.value": "",
                            "all_settings.3615826456.name": "ExternalExtensionsS3Bucket",
                            "all_settings.3615826456.namespace": "aws:elasticbeanstalk:environment",
                            "all_settings.3615826456.resource": "",
                            "all_settings.3615826456.value": "",
                            "all_settings.3636142198.name": "HealthyThresholdCount",
                            "all_settings.3636142198.namespace": "aws:elasticbeanstalk:environment:process:default",
                            "all_settings.3636142198.resource": "",
                            "all_settings.3636142198.value": "3",
                            "all_settings.3648591417.name": "Cooldown",
                            "all_settings.3648591417.namespace": "aws:autoscaling:asg",
                            "all_settings.3648591417.resource": "",
                            "all_settings.3648591417.value": "360",
                            "all_settings.3665611509.name": "SecurityGroups",
                            "all_settings.3665611509.namespace": "aws:autoscaling:launchconfiguration",
                            "all_settings.3665611509.resource": "",
                            "all_settings.3665611509.value": "",
                            "all_settings.3681839360.name": "HealthCheckInterval",
                            "all_settings.3681839360.namespace": "aws:elasticbeanstalk:environment:process:default",
                            "all_settings.3681839360.resource": "",
                            "all_settings.3681839360.value": "15",
                            "all_settings.3705073300.name": "Notification Protocol",
                            "all_settings.3705073300.namespace": "aws:elasticbeanstalk:sns:topics",
                            "all_settings.3705073300.resource": "",
                            "all_settings.3705073300.value": "email",
                            "all_settings.3708017666.name": "LowerBreachScaleIncrement",
                            "all_settings.3708017666.namespace": "aws:autoscaling:trigger",
                            "all_settings.3708017666.resource": "",
                            "all_settings.3708017666.value": "-1",
                            "all_settings.3739434161.name": "IamInstanceProfile",
                            "all_settings.3739434161.namespace": "aws:autoscaling:launchconfiguration",
                            "all_settings.3739434161.resource": "",
                            "all_settings.3739434161.value": "",
                            "all_settings.3741351212.name": "IdleTimeout",
                            "all_settings.3741351212.namespace": "aws:elbv2:loadbalancer",
                            "all_settings.3741351212.resource": "",
                            "all_settings.3741351212.value": "",
                            "all_settings.3768277227.name": "ConfigDocument",
                            "all_settings.3768277227.namespace": "aws:elasticbeanstalk:healthreporting:system",
                            "all_settings.3768277227.resource": "",
                            "all_settings.3768277227.value": "{\"Version\":1,\"CloudWatchMetrics\":{\"Instance\":{\"CPUIrq\":null,\"LoadAverage5min\":null,\"ApplicationRequests5xx\":null,\"ApplicationRequests4xx\":null,\"CPUUser\":null,\"LoadAverage1min\":null,\"ApplicationLatencyP50\":null,\"CPUIdle\":null,\"InstanceHealth\":null,\"ApplicationLatencyP95\":null,\"ApplicationLatencyP85\":null,\"RootFilesystemUtil\":null,\"ApplicationLatencyP90\":null,\"CPUSystem\":null,\"ApplicationLatencyP75\":null,\"CPUSoftirq\":null,\"ApplicationLatencyP10\":null,\"ApplicationLatencyP99\":null,\"ApplicationRequestsTotal\":null,\"ApplicationLatencyP99.9\":null,\"ApplicationRequests3xx\":null,\"ApplicationRequests2xx\":null,\"CPUIowait\":null,\"CPUNice\":null},\"Environment\":{\"InstancesSevere\":null,\"InstancesDegraded\":null,\"ApplicationRequests5xx\":null,\"ApplicationRequests4xx\":null,\"ApplicationLatencyP50\":null,\"ApplicationLatencyP95\":null,\"ApplicationLatencyP85\":null,\"InstancesUnknown\":null,\"ApplicationLatencyP90\":null,\"InstancesInfo\":null,\"InstancesPending\":null,\"ApplicationLatencyP75\":null,\"ApplicationLatencyP10\":null,\"ApplicationLatencyP99\":null,\"ApplicationRequestsTotal\":null,\"InstancesNoData\":null,\"ApplicationLatencyP99.9\":null,\"ApplicationRequests3xx\":null,\"ApplicationRequests2xx\":null,\"InstancesOk\":null,\"InstancesWarning\":null}}}",
                            "all_settings.378142286.name": "SSLPolicy",
                            "all_settings.378142286.namespace": "aws:elbv2:listener:default",
                            "all_settings.378142286.resource": "",
                            "all_settings.378142286.value": "",
                            "all_settings.3892308011.name": "HealthCheckTimeout",
                            "all_settings.3892308011.namespace": "aws:elasticbeanstalk:environment:process:default",
                            "all_settings.3892308011.resource": "",
                            "all_settings.3892308011.value": "5",
                            "all_settings.3929976136.name": "BatchSize",
                            "all_settings.3929976136.namespace": "aws:elasticbeanstalk:command",
                            "all_settings.3929976136.resource": "",
                            "all_settings.3929976136.value": "100",
                            "all_settings.395364208.name": "DefaultProcess",
                            "all_settings.395364208.namespace": "aws:elbv2:listener:default",
                            "all_settings.395364208.resource": "",
                            "all_settings.395364208.value": "default",
                            "all_settings.3981805791.name": "Automatically Terminate Unhealthy Instances",
                            "all_settings.3981805791.namespace": "aws:elasticbeanstalk:monitoring",
                            "all_settings.3981805791.resource": "",
                            "all_settings.3981805791.value": "true",
                            "all_settings.4010736724.name": "EC2KeyName",
                            "all_settings.4010736724.namespace": "aws:autoscaling:launchconfiguration",
                            "all_settings.4010736724.resource": "",
                            "all_settings.4010736724.value": "",
                            "all_settings.4023713939.name": "EnvironmentVariables",
                            "all_settings.4023713939.namespace": "aws:cloudformation:template:parameter",
                            "all_settings.4023713939.resource": "",
                            "all_settings.4023713939.value": "AWS_ENVIRONMENT=Production",
                            "all_settings.4064781023.name": "AccessLogsS3Bucket",
                            "all_settings.4064781023.namespace": "aws:elbv2:loadbalancer",
                            "all_settings.4064781023.resource": "",
                            "all_settings.4064781023.value": "",
                            "all_settings.4100247781.name": "BreachDuration",
                            "all_settings.4100247781.namespace": "aws:autoscaling:trigger",
                            "all_settings.4100247781.resource": "",
                            "all_settings.4100247781.value": "5",
                            "all_settings.4136940953.name": "UpdateLevel",
                            "all_settings.4136940953.namespace": "aws:elasticbeanstalk:managedactions:platformupdate",
                            "all_settings.4136940953.resource": "",
                            "all_settings.4136940953.value": "",
                            "all_settings.4167503353.name": "LaunchTimeout",
                            "all_settings.4167503353.namespace": "aws:elasticbeanstalk:control",
                            "all_settings.4167503353.resource": "",
                            "all_settings.4167503353.value": "0",
                            "all_settings.4278593597.name": "LoadBalancerType",
                            "all_settings.4278593597.namespace": "aws:elasticbeanstalk:environment",
                            "all_settings.4278593597.resource": "",
                            "all_settings.4278593597.value": "application",
                            "all_settings.433110370.name": "DefaultSSHPort",
                            "all_settings.433110370.namespace": "aws:elasticbeanstalk:control",
                            "all_settings.433110370.resource": "",
                            "all_settings.433110370.value": "22",
                            "all_settings.502734328.name": "SSHSourceRestriction",
                            "all_settings.502734328.namespace": "aws:autoscaling:launchconfiguration",
                            "all_settings.502734328.resource": "",
                            "all_settings.502734328.value": "tcp,22,22,0.0.0.0/0",
                            "all_settings.540077731.name": "StickinessType",
                            "all_settings.540077731.namespace": "aws:elasticbeanstalk:environment:process:default",
                            "all_settings.540077731.resource": "",
                            "all_settings.540077731.value": "lb_cookie",
                            "all_settings.614420664.name": "SecurityGroups",
                            "all_settings.614420664.namespace": "aws:elbv2:loadbalancer",
                            "all_settings.614420664.resource": "",
                            "all_settings.614420664.value": "",
                            "all_settings.693650251.name": "MaxSize",
                            "all_settings.693650251.namespace": "aws:autoscaling:asg",
                            "all_settings.693650251.resource": "",
                            "all_settings.693650251.value": "4",
                            "all_settings.747815089.name": "BatchSizeType",
                            "all_settings.747815089.namespace": "aws:elasticbeanstalk:command",
                            "all_settings.747815089.resource": "",
                            "all_settings.747815089.value": "Percentage",
                            "all_settings.837442677.name": "StickinessEnabled",
                            "all_settings.837442677.namespace": "aws:elasticbeanstalk:environment:process:default",
                            "all_settings.837442677.resource": "",
                            "all_settings.837442677.value": "false",
                            "all_settings.881749867.name": "Timeout",
                            "all_settings.881749867.namespace": "aws:elasticbeanstalk:command",
                            "all_settings.881749867.resource": "",
                            "all_settings.881749867.value": "600",
                            "all_settings.901683622.name": "HealthCheckPath",
                            "all_settings.901683622.namespace": "aws:elasticbeanstalk:environment:process:default",
                            "all_settings.901683622.resource": "",
                            "all_settings.901683622.value": "/",
                            "all_settings.934067176.name": "RetentionInDays",
                            "all_settings.934067176.namespace": "aws:elasticbeanstalk:cloudwatch:logs",
                            "all_settings.934067176.resource": "",
                            "all_settings.934067176.value": "7",
                            "all_settings.940069638.name": "RollbackLaunchOnFailure",
                            "all_settings.940069638.namespace": "aws:elasticbeanstalk:control",
                            "all_settings.940069638.resource": "",
                            "all_settings.940069638.value": "false",
                            "application": "Live-Applications",
                            "autoscaling_groups.#": "1",
                            "autoscaling_groups.0": "awseb-e-m2tfb77jui-stack-AWSEBAutoScalingGroup-7R4FMZDS7GRL",
                            "cname": "live-sites.gfajpjr2xh.us-east-1.elasticbeanstalk.com",
                            "cname_prefix": "",
                            "description": "",
                            "id": "e-m2tfb77jui",
                            "instances.#": "1",
                            "instances.0": "i-08d9a1299cc2c2a25",
                            "launch_configurations.#": "1",
                            "launch_configurations.0": "awseb-e-m2tfb77jui-stack-AWSEBAutoScalingLaunchConfiguration-UZMARL4ZWMP8",
                            "load_balancers.#": "1",
                            "load_balancers.0": "arn:aws:elasticloadbalancing:us-east-1:780973821995:loadbalancer/app/awseb-AWSEB-XHMU3VPZBARU/7b51615ae691032f",
                            "name": "live-sites",
                            "queues.#": "0",
                            "setting.#": "16",
                            "setting.1528870497.name": "InstanceType",
                            "setting.1528870497.namespace": "aws:autoscaling:launchconfiguration",
                            "setting.1528870497.resource": "",
                            "setting.1528870497.value": "c3.large",
                            "setting.1756907178.name": "AWS_ENVIRONMENT",
                            "setting.1756907178.namespace": "aws:elasticbeanstalk:application:environment",
                            "setting.1756907178.resource": "",
                            "setting.1756907178.value": "Production",
                            "setting.1992176960.name": "UpperThreshold",
                            "setting.1992176960.namespace": "aws:autoscaling:trigger",
                            "setting.1992176960.resource": "",
                            "setting.1992176960.value": "70",
                            "setting.2025896754.name": "Subnets",
                            "setting.2025896754.namespace": "aws:ec2:vpc",
                            "setting.2025896754.resource": "",
                            "setting.2025896754.value": "subnet-00b55d1f79b06666d,subnet-0333601377070e293",
                            "setting.2262995125.name": "Availability Zones",
                            "setting.2262995125.namespace": "aws:autoscaling:asg",
                            "setting.2262995125.resource": "",
                            "setting.2262995125.value": "Any 2",
                            "setting.2396587397.name": "MinSize",
                            "setting.2396587397.namespace": "aws:autoscaling:asg",
                            "setting.2396587397.resource": "",
                            "setting.2396587397.value": "1",
                            "setting.240742627.name": "UpperBreachScaleIncrement",
                            "setting.240742627.namespace": "aws:autoscaling:trigger",
                            "setting.240742627.resource": "",
                            "setting.240742627.value": "1",
                            "setting.2549726042.name": "LowerThreshold",
                            "setting.2549726042.namespace": "aws:autoscaling:trigger",
                            "setting.2549726042.resource": "",
                            "setting.2549726042.value": "30",
                            "setting.2721207301.name": "ELBSubnets",
                            "setting.2721207301.namespace": "aws:ec2:vpc",
                            "setting.2721207301.resource": "",
                            "setting.2721207301.value": " subnet-00b55d1f79b06666d,subnet-0333601377070e293",
                            "setting.2740395520.name": "Unit",
                            "setting.2740395520.namespace": "aws:autoscaling:trigger",
                            "setting.2740395520.resource": "",
                            "setting.2740395520.value": "Percent",
                            "setting.2765538041.name": "VPCId",
                            "setting.2765538041.namespace": "aws:ec2:vpc",
                            "setting.2765538041.resource": "",
                            "setting.2765538041.value": "vpc-0206d1b25f84d7160",
                            "setting.2929485696.name": "EnvironmentType",
                            "setting.2929485696.namespace": "aws:elasticbeanstalk:environment",
                            "setting.2929485696.resource": "",
                            "setting.2929485696.value": "LoadBalanced",
                            "setting.3341012745.name": "MeasureName",
                            "setting.3341012745.namespace": "aws:autoscaling:trigger",
                            "setting.3341012745.resource": "",
                            "setting.3341012745.value": "CPUUtilization",
                            "setting.3708017666.name": "LowerBreachScaleIncrement",
                            "setting.3708017666.namespace": "aws:autoscaling:trigger",
                            "setting.3708017666.resource": "",
                            "setting.3708017666.value": "-1",
                            "setting.4278593597.name": "LoadBalancerType",
                            "setting.4278593597.namespace": "aws:elasticbeanstalk:environment",
                            "setting.4278593597.resource": "",
                            "setting.4278593597.value": "application",
                            "setting.693650251.name": "MaxSize",
                            "setting.693650251.namespace": "aws:autoscaling:asg",
                            "setting.693650251.resource": "",
                            "setting.693650251.value": "4",
                            "solution_stack_name": "64bit Amazon Linux 2017.09 v2.6.5 running PHP 7.1",
                            "tier": "WebServer",
                            "triggers.#": "0",
                            "version_label": "",
                            "wait_for_ready_timeout": "20m"
                        },
                        "meta": {
                            "schema_version": "1"
                        },
                        "tainted": false
                    },
                    "deposed": [],
                    "provider": "provider.aws"
                },
                "aws_internet_gateway.internet_gateway": {
                    "type": "aws_internet_gateway",
                    "depends_on": [
                        "aws_vpc.vpc"
                    ],
                    "primary": {
                        "id": "igw-0fcccb39a383f2898",
                        "attributes": {
                            "id": "igw-0fcccb39a383f2898",
                            "vpc_id": "vpc-0206d1b25f84d7160"
                        },
                        "meta": {},
                        "tainted": false
                    },
                    "deposed": [],
                    "provider": "provider.aws"
                },
                "aws_route_table.public": {
                    "type": "aws_route_table",
                    "depends_on": [
                        "aws_internet_gateway.internet_gateway",
                        "aws_vpc.vpc"
                    ],
                    "primary": {
                        "id": "rtb-08736f0fdf813d58f",
                        "attributes": {
                            "id": "rtb-08736f0fdf813d58f",
                            "propagating_vgws.#": "0",
                            "route.#": "1",
                            "route.1346186512.cidr_block": "0.0.0.0/0",
                            "route.1346186512.egress_only_gateway_id": "",
                            "route.1346186512.gateway_id": "igw-0fcccb39a383f2898",
                            "route.1346186512.instance_id": "",
                            "route.1346186512.ipv6_cidr_block": "",
                            "route.1346186512.nat_gateway_id": "",
                            "route.1346186512.network_interface_id": "",
                            "route.1346186512.vpc_peering_connection_id": "",
                            "tags.%": "1",
                            "tags.Name": "public",
                            "vpc_id": "vpc-0206d1b25f84d7160"
                        },
                        "meta": {},
                        "tainted": false
                    },
                    "deposed": [],
                    "provider": "provider.aws"
                },
                "aws_route_table_association.private1_assoc": {
                    "type": "aws_route_table_association",
                    "depends_on": [
                        "aws_route_table.public",
                        "aws_subnet.private1"
                    ],
                    "primary": {
                        "id": "rtbassoc-0652963c5a3959f23",
                        "attributes": {
                            "id": "rtbassoc-0652963c5a3959f23",
                            "route_table_id": "rtb-08736f0fdf813d58f",
                            "subnet_id": "subnet-0178a81cdc6a28ed1"
                        },
                        "meta": {},
                        "tainted": false
                    },
                    "deposed": [],
                    "provider": "provider.aws"
                },
                "aws_route_table_association.private2_assoc": {
                    "type": "aws_route_table_association",
                    "depends_on": [
                        "aws_route_table.public",
                        "aws_subnet.private2"
                    ],
                    "primary": {
                        "id": "rtbassoc-099afa9aa27f14de6",
                        "attributes": {
                            "id": "rtbassoc-099afa9aa27f14de6",
                            "route_table_id": "rtb-08736f0fdf813d58f",
                            "subnet_id": "subnet-0734c2ecba6d421ca"
                        },
                        "meta": {},
                        "tainted": false
                    },
                    "deposed": [],
                    "provider": "provider.aws"
                },
                "aws_route_table_association.public1_assoc": {
                    "type": "aws_route_table_association",
                    "depends_on": [
                        "aws_route_table.public",
                        "aws_subnet.public1"
                    ],
                    "primary": {
                        "id": "rtbassoc-06affcb1c551727c7",
                        "attributes": {
                            "id": "rtbassoc-06affcb1c551727c7",
                            "route_table_id": "rtb-08736f0fdf813d58f",
                            "subnet_id": "subnet-0333601377070e293"
                        },
                        "meta": {},
                        "tainted": false
                    },
                    "deposed": [],
                    "provider": "provider.aws"
                },
                "aws_route_table_association.public2_assoc": {
                    "type": "aws_route_table_association",
                    "depends_on": [
                        "aws_route_table.public",
                        "aws_subnet.public2"
                    ],
                    "primary": {
                        "id": "rtbassoc-077444bf8e13e24d4",
                        "attributes": {
                            "id": "rtbassoc-077444bf8e13e24d4",
                            "route_table_id": "rtb-08736f0fdf813d58f",
                            "subnet_id": "subnet-00b55d1f79b06666d"
                        },
                        "meta": {},
                        "tainted": false
                    },
                    "deposed": [],
                    "provider": "provider.aws"
                },
                "aws_s3_bucket.prod_media": {
                    "type": "aws_s3_bucket",
                    "depends_on": [],
                    "primary": {
                        "id": "prod-binary-bucket",
                        "attributes": {
                            "acceleration_status": "",
                            "acl": "private",
                            "arn": "arn:aws:s3:::prod-binary-bucket",
                            "bucket": "prod-binary-bucket",
                            "bucket_domain_name": "prod-binary-bucket.s3.amazonaws.com",
                            "cors_rule.#": "1",
                            "cors_rule.0.allowed_headers.#": "1",
                            "cors_rule.0.allowed_headers.0": "*",
                            "cors_rule.0.allowed_methods.#": "2",
                            "cors_rule.0.allowed_methods.0": "PUT",
                            "cors_rule.0.allowed_methods.1": "POST",
                            "cors_rule.0.allowed_origins.#": "6",
                            "cors_rule.0.allowed_origins.0": "https://www.bring8.ch/*",
                            "cors_rule.0.allowed_origins.1": "https://bring8.ch",
                            "cors_rule.0.allowed_origins.2": "https://apis.bring8.com",
                            "cors_rule.0.allowed_origins.3": "https://admin.bring8.com",
                            "cors_rule.0.allowed_origins.4": "https://www.restaurants.bring8.ch",
                            "cors_rule.0.allowed_origins.5": "https://restaurants.bring8.ch",
                            "cors_rule.0.expose_headers.#": "1",
                            "cors_rule.0.expose_headers.0": "ETag",
                            "cors_rule.0.max_age_seconds": "3000",
                            "force_destroy": "false",
                            "hosted_zone_id": "Z3AQBSTGFYJSTF",
                            "id": "prod-binary-bucket",
                            "logging.#": "0",
                            "region": "us-east-1",
                            "replication_configuration.#": "0",
                            "request_payer": "BucketOwner",
                            "server_side_encryption_configuration.#": "0",
                            "tags.%": "2",
                            "tags.Name": "Binary File Storage",
                            "tags.environment": "Production",
                            "versioning.#": "1",
                            "versioning.0.enabled": "true",
                            "versioning.0.mfa_delete": "false",
                            "website.#": "0"
                        },
                        "meta": {},
                        "tainted": false
                    },
                    "deposed": [],
                    "provider": "provider.aws"
                },
                "aws_security_group.RDS": {
                    "type": "aws_security_group",
                    "depends_on": [
                        "aws_vpc.vpc"
                    ],
                    "primary": {
                        "id": "sg-0e9dc43e85025ea1b",
                        "attributes": {
                            "description": "Used for DB instances",
                            "egress.#": "0",
                            "id": "sg-0e9dc43e85025ea1b",
                            "ingress.#": "1",
                            "ingress.3093608551.cidr_blocks.#": "1",
                            "ingress.3093608551.cidr_blocks.0": "10.1.0.0/16",
                            "ingress.3093608551.description": "",
                            "ingress.3093608551.from_port": "3306",
                            "ingress.3093608551.ipv6_cidr_blocks.#": "0",
                            "ingress.3093608551.protocol": "tcp",
                            "ingress.3093608551.security_groups.#": "0",
                            "ingress.3093608551.self": "false",
                            "ingress.3093608551.to_port": "3306",
                            "name": "sg_rds",
                            "owner_id": "780973821995",
                            "revoke_rules_on_delete": "false",
                            "tags.%": "0",
                            "vpc_id": "vpc-0206d1b25f84d7160"
                        },
                        "meta": {
                            "schema_version": "1"
                        },
                        "tainted": false
                    },
                    "deposed": [],
                    "provider": "provider.aws"
                },
                "aws_security_group.eb_ec2_sg": {
                    "type": "aws_security_group",
                    "depends_on": [
                        "aws_vpc.vpc"
                    ],
                    "primary": {
                        "id": "sg-09302eb25a45adadb",
                        "attributes": {
                            "description": "Used for access to the elastic beanstalk instance",
                            "egress.#": "0",
                            "id": "sg-09302eb25a45adadb",
                            "ingress.#": "2",
                            "ingress.1671886063.cidr_blocks.#": "1",
                            "ingress.1671886063.cidr_blocks.0": "10.1.0.0/16",
                            "ingress.1671886063.description": "",
                            "ingress.1671886063.from_port": "0",
                            "ingress.1671886063.ipv6_cidr_blocks.#": "0",
                            "ingress.1671886063.protocol": "-1",
                            "ingress.1671886063.security_groups.#": "0",
                            "ingress.1671886063.self": "false",
                            "ingress.1671886063.to_port": "0",
                            "ingress.753225732.cidr_blocks.#": "1",
                            "ingress.753225732.cidr_blocks.0": "119.30.38.180/32",
                            "ingress.753225732.description": "",
                            "ingress.753225732.from_port": "22",
                            "ingress.753225732.ipv6_cidr_blocks.#": "0",
                            "ingress.753225732.protocol": "tcp",
                            "ingress.753225732.security_groups.#": "0",
                            "ingress.753225732.self": "false",
                            "ingress.753225732.to_port": "22",
                            "name": "eb_ec2_sg",
                            "owner_id": "780973821995",
                            "revoke_rules_on_delete": "false",
                            "tags.%": "0",
                            "vpc_id": "vpc-0206d1b25f84d7160"
                        },
                        "meta": {
                            "schema_version": "1"
                        },
                        "tainted": false
                    },
                    "deposed": [],
                    "provider": "provider.aws"
                },
                "aws_security_group.private_sg": {
                    "type": "aws_security_group",
                    "depends_on": [
                        "aws_vpc.vpc"
                    ],
                    "primary": {
                        "id": "sg-0d8e1f7aee3db4e48",
                        "attributes": {
                            "description": "Used for private instances",
                            "egress.#": "1",
                            "egress.482069346.cidr_blocks.#": "1",
                            "egress.482069346.cidr_blocks.0": "0.0.0.0/0",
                            "egress.482069346.description": "",
                            "egress.482069346.from_port": "0",
                            "egress.482069346.ipv6_cidr_blocks.#": "0",
                            "egress.482069346.prefix_list_ids.#": "0",
                            "egress.482069346.protocol": "-1",
                            "egress.482069346.security_groups.#": "0",
                            "egress.482069346.self": "false",
                            "egress.482069346.to_port": "0",
                            "id": "sg-0d8e1f7aee3db4e48",
                            "ingress.#": "1",
                            "ingress.1671886063.cidr_blocks.#": "1",
                            "ingress.1671886063.cidr_blocks.0": "10.1.0.0/16",
                            "ingress.1671886063.description": "",
                            "ingress.1671886063.from_port": "0",
                            "ingress.1671886063.ipv6_cidr_blocks.#": "0",
                            "ingress.1671886063.protocol": "-1",
                            "ingress.1671886063.security_groups.#": "0",
                            "ingress.1671886063.self": "false",
                            "ingress.1671886063.to_port": "0",
                            "name": "sg_private",
                            "owner_id": "780973821995",
                            "revoke_rules_on_delete": "false",
                            "tags.%": "0",
                            "vpc_id": "vpc-0206d1b25f84d7160"
                        },
                        "meta": {
                            "schema_version": "1"
                        },
                        "tainted": false
                    },
                    "deposed": [],
                    "provider": "provider.aws"
                },
                "aws_security_group.public_sg": {
                    "type": "aws_security_group",
                    "depends_on": [
                        "aws_vpc.vpc"
                    ],
                    "primary": {
                        "id": "sg-02598ff6cee949da7",
                        "attributes": {
                            "description": "Used for public and private instances for load balancer access",
                            "egress.#": "1",
                            "egress.482069346.cidr_blocks.#": "1",
                            "egress.482069346.cidr_blocks.0": "0.0.0.0/0",
                            "egress.482069346.description": "",
                            "egress.482069346.from_port": "0",
                            "egress.482069346.ipv6_cidr_blocks.#": "0",
                            "egress.482069346.prefix_list_ids.#": "0",
                            "egress.482069346.protocol": "-1",
                            "egress.482069346.security_groups.#": "0",
                            "egress.482069346.self": "false",
                            "egress.482069346.to_port": "0",
                            "id": "sg-02598ff6cee949da7",
                            "ingress.#": "3",
                            "ingress.2214680975.cidr_blocks.#": "1",
                            "ingress.2214680975.cidr_blocks.0": "0.0.0.0/0",
                            "ingress.2214680975.description": "",
                            "ingress.2214680975.from_port": "80",
                            "ingress.2214680975.ipv6_cidr_blocks.#": "0",
                            "ingress.2214680975.protocol": "tcp",
                            "ingress.2214680975.security_groups.#": "0",
                            "ingress.2214680975.self": "false",
                            "ingress.2214680975.to_port": "80",
                            "ingress.2617001939.cidr_blocks.#": "1",
                            "ingress.2617001939.cidr_blocks.0": "0.0.0.0/0",
                            "ingress.2617001939.description": "",
                            "ingress.2617001939.from_port": "443",
                            "ingress.2617001939.ipv6_cidr_blocks.#": "0",
                            "ingress.2617001939.protocol": "tcp",
                            "ingress.2617001939.security_groups.#": "0",
                            "ingress.2617001939.self": "false",
                            "ingress.2617001939.to_port": "443",
                            "ingress.753225732.cidr_blocks.#": "1",
                            "ingress.753225732.cidr_blocks.0": "119.30.38.180/32",
                            "ingress.753225732.description": "",
                            "ingress.753225732.from_port": "22",
                            "ingress.753225732.ipv6_cidr_blocks.#": "0",
                            "ingress.753225732.protocol": "tcp",
                            "ingress.753225732.security_groups.#": "0",
                            "ingress.753225732.self": "false",
                            "ingress.753225732.to_port": "22",
                            "name": "sg_public",
                            "owner_id": "780973821995",
                            "revoke_rules_on_delete": "false",
                            "tags.%": "0",
                            "vpc_id": "vpc-0206d1b25f84d7160"
                        },
                        "meta": {
                            "schema_version": "1"
                        },
                        "tainted": false
                    },
                    "deposed": [],
                    "provider": "provider.aws"
                },
                "aws_security_group.redis": {
                    "type": "aws_security_group",
                    "depends_on": [
                        "aws_vpc.vpc"
                    ],
                    "primary": {
                        "id": "sg-02403ba34f4481bff",
                        "attributes": {
                            "description": "Used for Redis",
                            "egress.#": "0",
                            "id": "sg-02403ba34f4481bff",
                            "ingress.#": "1",
                            "ingress.4079240613.cidr_blocks.#": "1",
                            "ingress.4079240613.cidr_blocks.0": "10.1.0.0/16",
                            "ingress.4079240613.description": "",
                            "ingress.4079240613.from_port": "6379",
                            "ingress.4079240613.ipv6_cidr_blocks.#": "0",
                            "ingress.4079240613.protocol": "tcp",
                            "ingress.4079240613.security_groups.#": "0",
                            "ingress.4079240613.self": "false",
                            "ingress.4079240613.to_port": "6379",
                            "name": "sg_redis",
                            "owner_id": "780973821995",
                            "revoke_rules_on_delete": "false",
                            "tags.%": "0",
                            "vpc_id": "vpc-0206d1b25f84d7160"
                        },
                        "meta": {
                            "schema_version": "1"
                        },
                        "tainted": false
                    },
                    "deposed": [],
                    "provider": "provider.aws"
                },
                "aws_subnet.private1": {
                    "type": "aws_subnet",
                    "depends_on": [
                        "aws_vpc.vpc",
                        "data.aws_availability_zones.available"
                    ],
                    "primary": {
                        "id": "subnet-0178a81cdc6a28ed1",
                        "attributes": {
                            "assign_ipv6_address_on_creation": "false",
                            "availability_zone": "us-east-1a",
                            "cidr_block": "10.2.3.0/24",
                            "id": "subnet-0178a81cdc6a28ed1",
                            "map_public_ip_on_launch": "false",
                            "tags.%": "1",
                            "tags.Name": "private1",
                            "vpc_id": "vpc-0206d1b25f84d7160"
                        },
                        "meta": {
                            "schema_version": "1"
                        },
                        "tainted": false
                    },
                    "deposed": [],
                    "provider": "provider.aws"
                },
                "aws_subnet.private2": {
                    "type": "aws_subnet",
                    "depends_on": [
                        "aws_vpc.vpc",
                        "data.aws_availability_zones.available"
                    ],
                    "primary": {
                        "id": "subnet-0734c2ecba6d421ca",
                        "attributes": {
                            "assign_ipv6_address_on_creation": "false",
                            "availability_zone": "us-east-1b",
                            "cidr_block": "10.2.4.0/24",
                            "id": "subnet-0734c2ecba6d421ca",
                            "map_public_ip_on_launch": "false",
                            "tags.%": "1",
                            "tags.Name": "private2",
                            "vpc_id": "vpc-0206d1b25f84d7160"
                        },
                        "meta": {
                            "schema_version": "1"
                        },
                        "tainted": false
                    },
                    "deposed": [],
                    "provider": "provider.aws"
                },
                "aws_subnet.public1": {
                    "type": "aws_subnet",
                    "depends_on": [
                        "aws_vpc.vpc",
                        "data.aws_availability_zones.available"
                    ],
                    "primary": {
                        "id": "subnet-0333601377070e293",
                        "attributes": {
                            "assign_ipv6_address_on_creation": "false",
                            "availability_zone": "us-east-1a",
                            "cidr_block": "10.2.1.0/24",
                            "id": "subnet-0333601377070e293",
                            "map_public_ip_on_launch": "true",
                            "tags.%": "1",
                            "tags.Name": "public1",
                            "vpc_id": "vpc-0206d1b25f84d7160"
                        },
                        "meta": {
                            "schema_version": "1"
                        },
                        "tainted": false
                    },
                    "deposed": [],
                    "provider": "provider.aws"
                },
                "aws_subnet.public2": {
                    "type": "aws_subnet",
                    "depends_on": [
                        "aws_vpc.vpc",
                        "data.aws_availability_zones.available"
                    ],
                    "primary": {
                        "id": "subnet-00b55d1f79b06666d",
                        "attributes": {
                            "assign_ipv6_address_on_creation": "false",
                            "availability_zone": "us-east-1b",
                            "cidr_block": "10.2.2.0/24",
                            "id": "subnet-00b55d1f79b06666d",
                            "map_public_ip_on_launch": "true",
                            "tags.%": "1",
                            "tags.Name": "public2",
                            "vpc_id": "vpc-0206d1b25f84d7160"
                        },
                        "meta": {
                            "schema_version": "1"
                        },
                        "tainted": false
                    },
                    "deposed": [],
                    "provider": "provider.aws"
                },
                "aws_subnet.rds1": {
                    "type": "aws_subnet",
                    "depends_on": [
                        "aws_vpc.vpc",
                        "data.aws_availability_zones.available"
                    ],
                    "primary": {
                        "id": "subnet-07dfcfddbb176a2cf",
                        "attributes": {
                            "assign_ipv6_address_on_creation": "false",
                            "availability_zone": "us-east-1a",
                            "cidr_block": "10.2.5.0/24",
                            "id": "subnet-07dfcfddbb176a2cf",
                            "map_public_ip_on_launch": "false",
                            "tags.%": "1",
                            "tags.Name": "rds1",
                            "vpc_id": "vpc-0206d1b25f84d7160"
                        },
                        "meta": {
                            "schema_version": "1"
                        },
                        "tainted": false
                    },
                    "deposed": [],
                    "provider": "provider.aws"
                },
                "aws_subnet.rds2": {
                    "type": "aws_subnet",
                    "depends_on": [
                        "aws_vpc.vpc",
                        "data.aws_availability_zones.available"
                    ],
                    "primary": {
                        "id": "subnet-07ebfcc4a228aa69a",
                        "attributes": {
                            "assign_ipv6_address_on_creation": "false",
                            "availability_zone": "us-east-1b",
                            "cidr_block": "10.2.6.0/24",
                            "id": "subnet-07ebfcc4a228aa69a",
                            "map_public_ip_on_launch": "false",
                            "tags.%": "1",
                            "tags.Name": "rds2",
                            "vpc_id": "vpc-0206d1b25f84d7160"
                        },
                        "meta": {
                            "schema_version": "1"
                        },
                        "tainted": false
                    },
                    "deposed": [],
                    "provider": "provider.aws"
                },
                "aws_subnet.rds3": {
                    "type": "aws_subnet",
                    "depends_on": [
                        "aws_vpc.vpc",
                        "data.aws_availability_zones.available"
                    ],
                    "primary": {
                        "id": "subnet-0ba7dcfcac0dd77a4",
                        "attributes": {
                            "assign_ipv6_address_on_creation": "false",
                            "availability_zone": "us-east-1c",
                            "cidr_block": "10.2.7.0/24",
                            "id": "subnet-0ba7dcfcac0dd77a4",
                            "map_public_ip_on_launch": "false",
                            "tags.%": "1",
                            "tags.Name": "rds3",
                            "vpc_id": "vpc-0206d1b25f84d7160"
                        },
                        "meta": {
                            "schema_version": "1"
                        },
                        "tainted": false
                    },
                    "deposed": [],
                    "provider": "provider.aws"
                },
                "aws_subnet.redis1": {
                    "type": "aws_subnet",
                    "depends_on": [
                        "aws_vpc.vpc",
                        "data.aws_availability_zones.available"
                    ],
                    "primary": {
                        "id": "subnet-02edfc21e2dcfacc1",
                        "attributes": {
                            "assign_ipv6_address_on_creation": "false",
                            "availability_zone": "us-east-1a",
                            "cidr_block": "10.2.8.0/24",
                            "id": "subnet-02edfc21e2dcfacc1",
                            "map_public_ip_on_launch": "false",
                            "tags.%": "1",
                            "tags.Name": "redis1",
                            "vpc_id": "vpc-0206d1b25f84d7160"
                        },
                        "meta": {
                            "schema_version": "1"
                        },
                        "tainted": false
                    },
                    "deposed": [],
                    "provider": "provider.aws"
                },
                "aws_subnet.redis2": {
                    "type": "aws_subnet",
                    "depends_on": [
                        "aws_vpc.vpc",
                        "data.aws_availability_zones.available"
                    ],
                    "primary": {
                        "id": "subnet-0de59504747fce6d4",
                        "attributes": {
                            "assign_ipv6_address_on_creation": "false",
                            "availability_zone": "us-east-1b",
                            "cidr_block": "10.2.9.0/24",
                            "id": "subnet-0de59504747fce6d4",
                            "map_public_ip_on_launch": "false",
                            "tags.%": "1",
                            "tags.Name": "redis2",
                            "vpc_id": "vpc-0206d1b25f84d7160"
                        },
                        "meta": {
                            "schema_version": "1"
                        },
                        "tainted": false
                    },
                    "deposed": [],
                    "provider": "provider.aws"
                },
                "aws_subnet.redis3": {
                    "type": "aws_subnet",
                    "depends_on": [
                        "aws_vpc.vpc",
                        "data.aws_availability_zones.available"
                    ],
                    "primary": {
                        "id": "subnet-02cc7c3e682c2cbfb",
                        "attributes": {
                            "assign_ipv6_address_on_creation": "false",
                            "availability_zone": "us-east-1c",
                            "cidr_block": "10.2.10.0/24",
                            "id": "subnet-02cc7c3e682c2cbfb",
                            "map_public_ip_on_launch": "false",
                            "tags.%": "1",
                            "tags.Name": "redis3",
                            "vpc_id": "vpc-0206d1b25f84d7160"
                        },
                        "meta": {
                            "schema_version": "1"
                        },
                        "tainted": false
                    },
                    "deposed": [],
                    "provider": "provider.aws"
                },
                "aws_vpc.vpc": {
                    "type": "aws_vpc",
                    "depends_on": [],
                    "primary": {
                        "id": "vpc-0206d1b25f84d7160",
                        "attributes": {
                            "assign_generated_ipv6_cidr_block": "false",
                            "cidr_block": "10.2.0.0/16",
                            "default_network_acl_id": "acl-05c6cb26c3b46cd5d",
                            "default_route_table_id": "rtb-0bc99bd87184405ad",
                            "default_security_group_id": "sg-00133839fca8226a6",
                            "dhcp_options_id": "dopt-3dd05144",
                            "enable_classiclink": "false",
                            "enable_classiclink_dns_support": "false",
                            "enable_dns_hostnames": "true",
                            "enable_dns_support": "true",
                            "id": "vpc-0206d1b25f84d7160",
                            "instance_tenancy": "default",
                            "main_route_table_id": "rtb-0bc99bd87184405ad",
                            "tags.%": "1",
                            "tags.Name": "production-vpc"
                        },
                        "meta": {
                            "schema_version": "1"
                        },
                        "tainted": false
                    },
                    "deposed": [],
                    "provider": "provider.aws"
                },
                "data.aws_availability_zones.available": {
                    "type": "aws_availability_zones",
                    "depends_on": [],
                    "primary": {
                        "id": "2018-03-04 08:12:23.517194307 +0000 UTC",
                        "attributes": {
                            "id": "2018-03-04 08:12:23.517194307 +0000 UTC",
                            "names.#": "6",
                            "names.0": "us-east-1a",
                            "names.1": "us-east-1b",
                            "names.2": "us-east-1c",
                            "names.3": "us-east-1d",
                            "names.4": "us-east-1e",
                            "names.5": "us-east-1f"
                        },
                        "meta": {},
                        "tainted": false
                    },
                    "deposed": [],
                    "provider": "provider.aws"
                }
            },
            "depends_on": []
        }
    ]
}
